
Microsoft Visual Studio Solution File, Format Version 12.00
# Visual Studio 2013
VisualStudioVersion = 12.0.31101.0
MinimumVisualStudioVersion = 10.0.40219.1
Project("{FAE04EC0-301F-11D3-BF4B-00C04F79EFBC}") = "TestFP", "TestFP.csproj", "{397A5FB7-6488-4EC6-BA70-726CA546DE4F}"
EndProject
Project("{FAE04EC0-301F-11D3-BF4B-00C04F79EFBC}") = "Atlas.FP.Identifier.MessageTypes", "..\..\MessageTypes\Atlas.FP.Identifier.MessageTypes\Atlas.FP.Identifier.MessageTypes.csproj", "{CBB37772-B971-4280-8AE5-968841711191}"
EndProject
Global
	GlobalSection(SolutionConfigurationPlatforms) = preSolution
		Debug|Any CPU = Debug|Any CPU
		Release|Any CPU = Release|Any CPU
	EndGlobalSection
	GlobalSection(ProjectConfigurationPlatforms) = postSolution
		{397A5FB7-6488-4EC6-BA70-726CA546DE4F}.Debug|Any CPU.ActiveCfg = Debug|Any CPU
		{397A5FB7-6488-4EC6-BA70-726CA546DE4F}.Debug|Any CPU.Build.0 = Debug|Any CPU
		{397A5FB7-6488-4EC6-BA70-726CA546DE4F}.Release|Any CPU.ActiveCfg = Release|Any CPU
		{397A5FB7-6488-4EC6-BA70-726CA546DE4F}.Release|Any CPU.Build.0 = Release|Any CPU
		{CBB37772-B971-4280-8AE5-968841711191}.Debug|Any CPU.ActiveCfg = Debug|Any CPU
		{CBB37772-B971-4280-8AE5-968841711191}.Debug|Any CPU.Build.0 = Debug|Any CPU
		{CBB37772-B971-4280-8AE5-968841711191}.Release|Any CPU.ActiveCfg = Release|Any CPU
		{CBB37772-B971-4280-8AE5-968841711191}.Release|Any CPU.Build.0 = Release|Any CPU
	EndGlobalSection
	GlobalSection(SolutionProperties) = preSolution
		HideSolutionNode = FALSE
	EndGlobalSection
EndGlobal
