
Microsoft Visual Studio Solution File, Format Version 12.00
# Visual Studio 2013
VisualStudioVersion = 12.0.40629.0
MinimumVisualStudioVersion = 10.0.40219.1
Project("{FAE04EC0-301F-11D3-BF4B-00C04F79EFBC}") = "Falcon.DuckHawk", "Falcon.DuckHawk\Falcon.DuckHawk.csproj", "{FCB9229D-99F1-4ED2-95FB-065362FC7A4A}"
EndProject
Project("{2150E333-8FDC-42A3-9474-1A3956D46DE8}") = ".nuget", ".nuget", "{A6D4936A-BA3E-4A6E-BA1E-B9FD91B5A759}"
	ProjectSection(SolutionItems) = preProject
		.nuget\NuGet.Config = .nuget\NuGet.Config
		.nuget\NuGet.exe = .nuget\NuGet.exe
		.nuget\NuGet.targets = .nuget\NuGet.targets
	EndProjectSection
EndProject
Project("{FAE04EC0-301F-11D3-BF4B-00C04F79EFBC}") = "Falcon.DuckHawk.Jobs", "..\..\..\Libraries\Falcon\Falcon.DuckHawk.Jobs\Falcon.DuckHawk.Jobs.csproj", "{543C4C41-4A3E-4191-B5C0-BBCDDDFDE8A0}"
EndProject
Project("{2150E333-8FDC-42A3-9474-1A3956D46DE8}") = "Falcon.Common", "Falcon.Common", "{5222EC18-6B2D-426E-94BA-17E5047A56CA}"
EndProject
Project("{FAE04EC0-301F-11D3-BF4B-00C04F79EFBC}") = "Falcon.Common.Interfaces", "..\..\..\Libraries\Falcon\Common\Falcon.Interfaces\Falcon.Common.Interfaces.csproj", "{130E010C-66A1-4128-8F61-03118BCE3B53}"
EndProject
Project("{FAE04EC0-301F-11D3-BF4B-00C04F79EFBC}") = "Falcon.Common.Repository", "..\..\..\Libraries\Falcon\Common\Falcon.Repository\Falcon.Common.Repository.csproj", "{469AF8D7-AC20-41BC-B05B-ECA16E08E781}"
EndProject
Project("{FAE04EC0-301F-11D3-BF4B-00C04F79EFBC}") = "Falcon.Common.Structures", "..\..\..\Libraries\Falcon\Common\Falcon.Structures\Falcon.Common.Structures.csproj", "{3D254B0A-F82D-449D-9779-31EB14475094}"
EndProject
Project("{FAE04EC0-301F-11D3-BF4B-00C04F79EFBC}") = "Falcon.Common.Services", "..\..\..\Libraries\Falcon\Common\Falcon.Services\Falcon.Common.Services.csproj", "{A3DCE020-71B0-47EC-A0F8-02D387DE7BA8}"
EndProject
Project("{2150E333-8FDC-42A3-9474-1A3956D46DE8}") = "Atlas.Core", "Atlas.Core", "{BBA25FB7-634E-4E54-B158-4047A748B092}"
EndProject
Project("{FAE04EC0-301F-11D3-BF4B-00C04F79EFBC}") = "Atlas.Domain", "..\..\..\Libraries\Atlas.Data\Atlas.Domain.csproj", "{42909E2D-45B8-44CC-9B2D-BE40CE0D148F}"
EndProject
Project("{FAE04EC0-301F-11D3-BF4B-00C04F79EFBC}") = "Atlas.Enumerators", "..\..\..\Libraries\Atlas.Enumerators\Atlas.Enumerators.csproj", "{07FC6272-5FA2-45A7-A99C-062EC5B0C205}"
EndProject
Project("{FAE04EC0-301F-11D3-BF4B-00C04F79EFBC}") = "Atlas.Common", "..\..\..\Libraries\Atlas.Common\Atlas.Common.csproj", "{6AECFAD7-A17C-4FB0-9AB6-BFCE0F3C5391}"
EndProject
Project("{FAE04EC0-301F-11D3-BF4B-00C04F79EFBC}") = "Atlas.RabbitMQ.Messages", "..\..\..\Libraries\Atlas.RabbitMQ.Messages\Atlas.RabbitMQ.Messages.csproj", "{C4B44803-02CC-4B6C-BF0C-372DAC2617F7}"
EndProject
Project("{FAE04EC0-301F-11D3-BF4B-00C04F79EFBC}") = "Atlas.Reporting", "..\..\..\Libraries\Atlas.Reporting\Atlas.Reporting.csproj", "{58081885-D62C-4CC0-8CE7-077DB911AE31}"
EndProject
Project("{FAE04EC0-301F-11D3-BF4B-00C04F79EFBC}") = "Falcon.Gyrkin.Library", "..\..\..\Libraries\Falcon\Falcon.Gyrkin.Library\Falcon.Gyrkin.Library.csproj", "{1D653E2F-376D-461D-BB5B-329B458D6BDE}"
EndProject
Project("{2150E333-8FDC-42A3-9474-1A3956D46DE8}") = "Stream", "Stream", "{6392D01A-C9A3-4186-A7D6-5DA0D50C78D4}"
EndProject
Project("{FAE04EC0-301F-11D3-BF4B-00C04F79EFBC}") = "Stream.Domain", "..\..\Falcon.Gyrkin\Source\Stream.Domain\Stream.Domain.csproj", "{EAB637BC-CFA9-4917-B5F3-5C9622B158E9}"
EndProject
Project("{FAE04EC0-301F-11D3-BF4B-00C04F79EFBC}") = "Stream.Framework", "..\..\Falcon.Gyrkin\Source\Stream.Interfaces\Stream.Framework.csproj", "{77D9E64A-BD91-4CCE-BA43-2AF61E667355}"
EndProject
Project("{FAE04EC0-301F-11D3-BF4B-00C04F79EFBC}") = "Stream.Repository", "..\..\Falcon.Gyrkin\Source\Stream.Repository\Stream.Repository.csproj", "{C5ACFD71-9AD2-4392-854D-AC333B1EF494}"
EndProject
Project("{FAE04EC0-301F-11D3-BF4B-00C04F79EFBC}") = "Stream.Structures", "..\..\Falcon.Gyrkin\Source\Stream.Structures\Stream.Structures.csproj", "{9C466A48-7B08-420D-961F-DA72B1684336}"
EndProject
Project("{FAE04EC0-301F-11D3-BF4B-00C04F79EFBC}") = "Atlas.ThirdParty.CompuScan", "..\..\..\Libraries\Atlas.ThirdParty\Atlas.ThirdParty.CompuScan\Atlas.ThirdParty.CompuScan\Atlas.ThirdParty.CompuScan.csproj", "{EBA22F5B-DD21-44D7-859C-E7534965F390}"
EndProject
Project("{2150E333-8FDC-42A3-9474-1A3956D46DE8}") = "ToBeRefactored", "ToBeRefactored", "{4B161DEE-3259-44E8-A12A-DB9095C1D0ED}"
EndProject
Project("{FAE04EC0-301F-11D3-BF4B-00C04F79EFBC}") = "Falcon.TBR", "..\..\..\Libraries\Falcon.TBR\Falcon.TBR.csproj", "{820CA604-AF18-43B3-80DF-2BD943A01CF4}"
EndProject
Project("{2150E333-8FDC-42A3-9474-1A3956D46DE8}") = "Exporters", "Exporters", "{C911C57A-7E35-42F7-A16B-2ED86067DFC0}"
EndProject
Project("{2150E333-8FDC-42A3-9474-1A3956D46DE8}") = "CiReport", "CiReport", "{042750E4-4887-459D-8805-6125C52FD13E}"
EndProject
Project("{2150E333-8FDC-42A3-9474-1A3956D46DE8}") = "V1", "V1", "{A6A3BB17-6520-4BF3-AC36-63E7B770E764}"
EndProject
Project("{FAE04EC0-301F-11D3-BF4B-00C04F79EFBC}") = "Falcon.Exporter.CiReport.V1", "..\..\Falcon.Gyrkin\Source\Falcon.Exporter.CiReport.V1\Falcon.Exporter.CiReport.V1.csproj", "{8BB977D3-BAE4-4A91-B1CB-23C38C8BAB13}"
EndProject
Project("{FAE04EC0-301F-11D3-BF4B-00C04F79EFBC}") = "Falcon.Exporter.CiReport.Infrastructure", "..\..\Falcon.Gyrkin\Source\Falcon.Exporter.CiReport.Interfaces\Falcon.Exporter.CiReport.Infrastructure.csproj", "{6BB7FBD9-9665-4BD3-80B6-EA10D508825E}"
EndProject
Project("{FAE04EC0-301F-11D3-BF4B-00C04F79EFBC}") = "Atlas.LoanEngine", "..\..\..\Libraries\Atlas.LoanEngine\Atlas.LoanEngine.csproj", "{AAA2BA8C-07BC-4512-BB5F-567ADC6ED82F}"
EndProject
Project("{2150E333-8FDC-42A3-9474-1A3956D46DE8}") = "ASS", "ASS", "{794661F7-C83D-4D4B-8005-8112515345ED}"
EndProject
Project("{FAE04EC0-301F-11D3-BF4B-00C04F79EFBC}") = "Atlas.Ass.Framework", "..\..\..\Libraries\Atlas.Ass\Atlas.Ass.Framework\Atlas.Ass.Framework.csproj", "{C619816D-6491-495C-A6F9-78130FA24C6C}"
EndProject
Project("{FAE04EC0-301F-11D3-BF4B-00C04F79EFBC}") = "Atlas.Ass.Repository", "..\..\..\Libraries\Atlas.Ass\Atlas.Ass.Repository\Atlas.Ass.Repository.csproj", "{484E46BD-DEBC-4B64-BD07-4875D92690AC}"
EndProject
Project("{FAE04EC0-301F-11D3-BF4B-00C04F79EFBC}") = "Atlas.Ass.Structures", "..\..\..\Libraries\Atlas.Ass\Atlas.Ass.Structures\Atlas.Ass.Structures.csproj", "{D052212B-87A2-405A-8F12-763542AE5E21}"
EndProject
Project("{FAE04EC0-301F-11D3-BF4B-00C04F79EFBC}") = "Stream.Service", "Stream.Service\Stream.Service.csproj", "{9EB5BB36-E4C5-4BC5-A0EF-E4A3173442EE}"
EndProject
Project("{FAE04EC0-301F-11D3-BF4B-00C04F79EFBC}") = "Stream.Tests", "Stream.Tests\Stream.Tests.csproj", "{813D62BD-EC53-42C2-BBA5-8152DE4C5046}"
EndProject
Project("{FAE04EC0-301F-11D3-BF4B-00C04F79EFBC}") = "Atlas.Domain.Ass", "..\..\..\Libraries\Atlas.Domain.AssCiReport\Atlas.Domain.Ass.csproj", "{C8750B6E-7CBA-449A-9E8F-C9A03F5A51A0}"
EndProject
Project("{FAE04EC0-301F-11D3-BF4B-00C04F79EFBC}") = "Atlas.Domain.DTO", "..\..\..\Libraries\Atlas.Domain.DTO\Atlas.Domain.DTO.csproj", "{5AAE8AF7-90F0-4A58-8504-5DC7C55C7949}"
EndProject
Project("{FAE04EC0-301F-11D3-BF4B-00C04F79EFBC}") = "Atlas.Data.Dapper", "..\..\..\Libraries\Atlas.Data.Dapper\Atlas.Data.Dapper.csproj", "{DEBA17C2-0CA8-47A9-95FE-50B29365BD59}"
EndProject
Global
	GlobalSection(SolutionConfigurationPlatforms) = preSolution
		Debug|Any CPU = Debug|Any CPU
		Release|Any CPU = Release|Any CPU
	EndGlobalSection
	GlobalSection(ProjectConfigurationPlatforms) = postSolution
		{FCB9229D-99F1-4ED2-95FB-065362FC7A4A}.Debug|Any CPU.ActiveCfg = Debug|Any CPU
		{FCB9229D-99F1-4ED2-95FB-065362FC7A4A}.Debug|Any CPU.Build.0 = Debug|Any CPU
		{FCB9229D-99F1-4ED2-95FB-065362FC7A4A}.Release|Any CPU.ActiveCfg = Release|Any CPU
		{FCB9229D-99F1-4ED2-95FB-065362FC7A4A}.Release|Any CPU.Build.0 = Release|Any CPU
		{543C4C41-4A3E-4191-B5C0-BBCDDDFDE8A0}.Debug|Any CPU.ActiveCfg = Debug|Any CPU
		{543C4C41-4A3E-4191-B5C0-BBCDDDFDE8A0}.Debug|Any CPU.Build.0 = Debug|Any CPU
		{543C4C41-4A3E-4191-B5C0-BBCDDDFDE8A0}.Release|Any CPU.ActiveCfg = Release|Any CPU
		{543C4C41-4A3E-4191-B5C0-BBCDDDFDE8A0}.Release|Any CPU.Build.0 = Release|Any CPU
		{130E010C-66A1-4128-8F61-03118BCE3B53}.Debug|Any CPU.ActiveCfg = Debug|Any CPU
		{130E010C-66A1-4128-8F61-03118BCE3B53}.Debug|Any CPU.Build.0 = Debug|Any CPU
		{130E010C-66A1-4128-8F61-03118BCE3B53}.Release|Any CPU.ActiveCfg = Release|Any CPU
		{130E010C-66A1-4128-8F61-03118BCE3B53}.Release|Any CPU.Build.0 = Release|Any CPU
		{469AF8D7-AC20-41BC-B05B-ECA16E08E781}.Debug|Any CPU.ActiveCfg = Debug|Any CPU
		{469AF8D7-AC20-41BC-B05B-ECA16E08E781}.Debug|Any CPU.Build.0 = Debug|Any CPU
		{469AF8D7-AC20-41BC-B05B-ECA16E08E781}.Release|Any CPU.ActiveCfg = Release|Any CPU
		{469AF8D7-AC20-41BC-B05B-ECA16E08E781}.Release|Any CPU.Build.0 = Release|Any CPU
		{3D254B0A-F82D-449D-9779-31EB14475094}.Debug|Any CPU.ActiveCfg = Debug|Any CPU
		{3D254B0A-F82D-449D-9779-31EB14475094}.Debug|Any CPU.Build.0 = Debug|Any CPU
		{3D254B0A-F82D-449D-9779-31EB14475094}.Release|Any CPU.ActiveCfg = Release|Any CPU
		{3D254B0A-F82D-449D-9779-31EB14475094}.Release|Any CPU.Build.0 = Release|Any CPU
		{A3DCE020-71B0-47EC-A0F8-02D387DE7BA8}.Debug|Any CPU.ActiveCfg = Debug|Any CPU
		{A3DCE020-71B0-47EC-A0F8-02D387DE7BA8}.Debug|Any CPU.Build.0 = Debug|Any CPU
		{A3DCE020-71B0-47EC-A0F8-02D387DE7BA8}.Release|Any CPU.ActiveCfg = Release|Any CPU
		{A3DCE020-71B0-47EC-A0F8-02D387DE7BA8}.Release|Any CPU.Build.0 = Release|Any CPU
		{42909E2D-45B8-44CC-9B2D-BE40CE0D148F}.Debug|Any CPU.ActiveCfg = Debug|Any CPU
		{42909E2D-45B8-44CC-9B2D-BE40CE0D148F}.Debug|Any CPU.Build.0 = Debug|Any CPU
		{42909E2D-45B8-44CC-9B2D-BE40CE0D148F}.Release|Any CPU.ActiveCfg = Release|Any CPU
		{42909E2D-45B8-44CC-9B2D-BE40CE0D148F}.Release|Any CPU.Build.0 = Release|Any CPU
		{07FC6272-5FA2-45A7-A99C-062EC5B0C205}.Debug|Any CPU.ActiveCfg = Debug|Any CPU
		{07FC6272-5FA2-45A7-A99C-062EC5B0C205}.Debug|Any CPU.Build.0 = Debug|Any CPU
		{07FC6272-5FA2-45A7-A99C-062EC5B0C205}.Release|Any CPU.ActiveCfg = Release|Any CPU
		{07FC6272-5FA2-45A7-A99C-062EC5B0C205}.Release|Any CPU.Build.0 = Release|Any CPU
		{6AECFAD7-A17C-4FB0-9AB6-BFCE0F3C5391}.Debug|Any CPU.ActiveCfg = Debug|Any CPU
		{6AECFAD7-A17C-4FB0-9AB6-BFCE0F3C5391}.Debug|Any CPU.Build.0 = Debug|Any CPU
		{6AECFAD7-A17C-4FB0-9AB6-BFCE0F3C5391}.Release|Any CPU.ActiveCfg = Release|Any CPU
		{6AECFAD7-A17C-4FB0-9AB6-BFCE0F3C5391}.Release|Any CPU.Build.0 = Release|Any CPU
		{C4B44803-02CC-4B6C-BF0C-372DAC2617F7}.Debug|Any CPU.ActiveCfg = Debug|Any CPU
		{C4B44803-02CC-4B6C-BF0C-372DAC2617F7}.Debug|Any CPU.Build.0 = Debug|Any CPU
		{C4B44803-02CC-4B6C-BF0C-372DAC2617F7}.Release|Any CPU.ActiveCfg = Release|Any CPU
		{C4B44803-02CC-4B6C-BF0C-372DAC2617F7}.Release|Any CPU.Build.0 = Release|Any CPU
		{58081885-D62C-4CC0-8CE7-077DB911AE31}.Debug|Any CPU.ActiveCfg = Debug|Any CPU
		{58081885-D62C-4CC0-8CE7-077DB911AE31}.Debug|Any CPU.Build.0 = Debug|Any CPU
		{58081885-D62C-4CC0-8CE7-077DB911AE31}.Release|Any CPU.ActiveCfg = Release|Any CPU
		{58081885-D62C-4CC0-8CE7-077DB911AE31}.Release|Any CPU.Build.0 = Release|Any CPU
		{1D653E2F-376D-461D-BB5B-329B458D6BDE}.Debug|Any CPU.ActiveCfg = Debug|Any CPU
		{1D653E2F-376D-461D-BB5B-329B458D6BDE}.Debug|Any CPU.Build.0 = Debug|Any CPU
		{1D653E2F-376D-461D-BB5B-329B458D6BDE}.Release|Any CPU.ActiveCfg = Release|Any CPU
		{1D653E2F-376D-461D-BB5B-329B458D6BDE}.Release|Any CPU.Build.0 = Release|Any CPU
		{EAB637BC-CFA9-4917-B5F3-5C9622B158E9}.Debug|Any CPU.ActiveCfg = Debug|Any CPU
		{EAB637BC-CFA9-4917-B5F3-5C9622B158E9}.Debug|Any CPU.Build.0 = Debug|Any CPU
		{EAB637BC-CFA9-4917-B5F3-5C9622B158E9}.Release|Any CPU.ActiveCfg = Release|Any CPU
		{EAB637BC-CFA9-4917-B5F3-5C9622B158E9}.Release|Any CPU.Build.0 = Release|Any CPU
		{77D9E64A-BD91-4CCE-BA43-2AF61E667355}.Debug|Any CPU.ActiveCfg = Debug|Any CPU
		{77D9E64A-BD91-4CCE-BA43-2AF61E667355}.Debug|Any CPU.Build.0 = Debug|Any CPU
		{77D9E64A-BD91-4CCE-BA43-2AF61E667355}.Release|Any CPU.ActiveCfg = Release|Any CPU
		{77D9E64A-BD91-4CCE-BA43-2AF61E667355}.Release|Any CPU.Build.0 = Release|Any CPU
		{C5ACFD71-9AD2-4392-854D-AC333B1EF494}.Debug|Any CPU.ActiveCfg = Debug|Any CPU
		{C5ACFD71-9AD2-4392-854D-AC333B1EF494}.Debug|Any CPU.Build.0 = Debug|Any CPU
		{C5ACFD71-9AD2-4392-854D-AC333B1EF494}.Release|Any CPU.ActiveCfg = Release|Any CPU
		{C5ACFD71-9AD2-4392-854D-AC333B1EF494}.Release|Any CPU.Build.0 = Release|Any CPU
		{9C466A48-7B08-420D-961F-DA72B1684336}.Debug|Any CPU.ActiveCfg = Debug|Any CPU
		{9C466A48-7B08-420D-961F-DA72B1684336}.Debug|Any CPU.Build.0 = Debug|Any CPU
		{9C466A48-7B08-420D-961F-DA72B1684336}.Release|Any CPU.ActiveCfg = Release|Any CPU
		{9C466A48-7B08-420D-961F-DA72B1684336}.Release|Any CPU.Build.0 = Release|Any CPU
		{EBA22F5B-DD21-44D7-859C-E7534965F390}.Debug|Any CPU.ActiveCfg = Debug|Any CPU
		{EBA22F5B-DD21-44D7-859C-E7534965F390}.Debug|Any CPU.Build.0 = Debug|Any CPU
		{EBA22F5B-DD21-44D7-859C-E7534965F390}.Release|Any CPU.ActiveCfg = Release|Any CPU
		{EBA22F5B-DD21-44D7-859C-E7534965F390}.Release|Any CPU.Build.0 = Release|Any CPU
		{820CA604-AF18-43B3-80DF-2BD943A01CF4}.Debug|Any CPU.ActiveCfg = Debug|Any CPU
		{820CA604-AF18-43B3-80DF-2BD943A01CF4}.Debug|Any CPU.Build.0 = Debug|Any CPU
		{820CA604-AF18-43B3-80DF-2BD943A01CF4}.Release|Any CPU.ActiveCfg = Release|Any CPU
		{820CA604-AF18-43B3-80DF-2BD943A01CF4}.Release|Any CPU.Build.0 = Release|Any CPU
		{8BB977D3-BAE4-4A91-B1CB-23C38C8BAB13}.Debug|Any CPU.ActiveCfg = Debug|Any CPU
		{8BB977D3-BAE4-4A91-B1CB-23C38C8BAB13}.Debug|Any CPU.Build.0 = Debug|Any CPU
		{8BB977D3-BAE4-4A91-B1CB-23C38C8BAB13}.Release|Any CPU.ActiveCfg = Release|Any CPU
		{8BB977D3-BAE4-4A91-B1CB-23C38C8BAB13}.Release|Any CPU.Build.0 = Release|Any CPU
		{6BB7FBD9-9665-4BD3-80B6-EA10D508825E}.Debug|Any CPU.ActiveCfg = Debug|Any CPU
		{6BB7FBD9-9665-4BD3-80B6-EA10D508825E}.Debug|Any CPU.Build.0 = Debug|Any CPU
		{6BB7FBD9-9665-4BD3-80B6-EA10D508825E}.Release|Any CPU.ActiveCfg = Release|Any CPU
		{6BB7FBD9-9665-4BD3-80B6-EA10D508825E}.Release|Any CPU.Build.0 = Release|Any CPU
		{AAA2BA8C-07BC-4512-BB5F-567ADC6ED82F}.Debug|Any CPU.ActiveCfg = Debug|Any CPU
		{AAA2BA8C-07BC-4512-BB5F-567ADC6ED82F}.Debug|Any CPU.Build.0 = Debug|Any CPU
		{AAA2BA8C-07BC-4512-BB5F-567ADC6ED82F}.Release|Any CPU.ActiveCfg = Release|Any CPU
		{AAA2BA8C-07BC-4512-BB5F-567ADC6ED82F}.Release|Any CPU.Build.0 = Release|Any CPU
		{C619816D-6491-495C-A6F9-78130FA24C6C}.Debug|Any CPU.ActiveCfg = Debug|Any CPU
		{C619816D-6491-495C-A6F9-78130FA24C6C}.Debug|Any CPU.Build.0 = Debug|Any CPU
		{C619816D-6491-495C-A6F9-78130FA24C6C}.Release|Any CPU.ActiveCfg = Release|Any CPU
		{C619816D-6491-495C-A6F9-78130FA24C6C}.Release|Any CPU.Build.0 = Release|Any CPU
		{484E46BD-DEBC-4B64-BD07-4875D92690AC}.Debug|Any CPU.ActiveCfg = Debug|Any CPU
		{484E46BD-DEBC-4B64-BD07-4875D92690AC}.Debug|Any CPU.Build.0 = Debug|Any CPU
		{484E46BD-DEBC-4B64-BD07-4875D92690AC}.Release|Any CPU.ActiveCfg = Release|Any CPU
		{484E46BD-DEBC-4B64-BD07-4875D92690AC}.Release|Any CPU.Build.0 = Release|Any CPU
		{D052212B-87A2-405A-8F12-763542AE5E21}.Debug|Any CPU.ActiveCfg = Debug|Any CPU
		{D052212B-87A2-405A-8F12-763542AE5E21}.Debug|Any CPU.Build.0 = Debug|Any CPU
		{D052212B-87A2-405A-8F12-763542AE5E21}.Release|Any CPU.ActiveCfg = Release|Any CPU
		{D052212B-87A2-405A-8F12-763542AE5E21}.Release|Any CPU.Build.0 = Release|Any CPU
		{9EB5BB36-E4C5-4BC5-A0EF-E4A3173442EE}.Debug|Any CPU.ActiveCfg = Debug|Any CPU
		{9EB5BB36-E4C5-4BC5-A0EF-E4A3173442EE}.Debug|Any CPU.Build.0 = Debug|Any CPU
		{9EB5BB36-E4C5-4BC5-A0EF-E4A3173442EE}.Release|Any CPU.ActiveCfg = Release|Any CPU
		{9EB5BB36-E4C5-4BC5-A0EF-E4A3173442EE}.Release|Any CPU.Build.0 = Release|Any CPU
		{813D62BD-EC53-42C2-BBA5-8152DE4C5046}.Debug|Any CPU.ActiveCfg = Debug|Any CPU
		{813D62BD-EC53-42C2-BBA5-8152DE4C5046}.Debug|Any CPU.Build.0 = Debug|Any CPU
		{813D62BD-EC53-42C2-BBA5-8152DE4C5046}.Release|Any CPU.ActiveCfg = Release|Any CPU
		{813D62BD-EC53-42C2-BBA5-8152DE4C5046}.Release|Any CPU.Build.0 = Release|Any CPU
		{C8750B6E-7CBA-449A-9E8F-C9A03F5A51A0}.Debug|Any CPU.ActiveCfg = Debug|Any CPU
		{C8750B6E-7CBA-449A-9E8F-C9A03F5A51A0}.Debug|Any CPU.Build.0 = Debug|Any CPU
		{C8750B6E-7CBA-449A-9E8F-C9A03F5A51A0}.Release|Any CPU.ActiveCfg = Release|Any CPU
		{C8750B6E-7CBA-449A-9E8F-C9A03F5A51A0}.Release|Any CPU.Build.0 = Release|Any CPU
		{5AAE8AF7-90F0-4A58-8504-5DC7C55C7949}.Debug|Any CPU.ActiveCfg = Debug|Any CPU
		{5AAE8AF7-90F0-4A58-8504-5DC7C55C7949}.Debug|Any CPU.Build.0 = Debug|Any CPU
		{5AAE8AF7-90F0-4A58-8504-5DC7C55C7949}.Release|Any CPU.ActiveCfg = Release|Any CPU
		{5AAE8AF7-90F0-4A58-8504-5DC7C55C7949}.Release|Any CPU.Build.0 = Release|Any CPU
		{DEBA17C2-0CA8-47A9-95FE-50B29365BD59}.Debug|Any CPU.ActiveCfg = Debug|Any CPU
		{DEBA17C2-0CA8-47A9-95FE-50B29365BD59}.Debug|Any CPU.Build.0 = Debug|Any CPU
		{DEBA17C2-0CA8-47A9-95FE-50B29365BD59}.Release|Any CPU.ActiveCfg = Release|Any CPU
		{DEBA17C2-0CA8-47A9-95FE-50B29365BD59}.Release|Any CPU.Build.0 = Release|Any CPU
	EndGlobalSection
	GlobalSection(SolutionProperties) = preSolution
		HideSolutionNode = FALSE
	EndGlobalSection
	GlobalSection(NestedProjects) = preSolution
		{130E010C-66A1-4128-8F61-03118BCE3B53} = {5222EC18-6B2D-426E-94BA-17E5047A56CA}
		{469AF8D7-AC20-41BC-B05B-ECA16E08E781} = {5222EC18-6B2D-426E-94BA-17E5047A56CA}
		{3D254B0A-F82D-449D-9779-31EB14475094} = {5222EC18-6B2D-426E-94BA-17E5047A56CA}
		{A3DCE020-71B0-47EC-A0F8-02D387DE7BA8} = {5222EC18-6B2D-426E-94BA-17E5047A56CA}
		{42909E2D-45B8-44CC-9B2D-BE40CE0D148F} = {BBA25FB7-634E-4E54-B158-4047A748B092}
		{07FC6272-5FA2-45A7-A99C-062EC5B0C205} = {BBA25FB7-634E-4E54-B158-4047A748B092}
		{6AECFAD7-A17C-4FB0-9AB6-BFCE0F3C5391} = {BBA25FB7-634E-4E54-B158-4047A748B092}
		{C4B44803-02CC-4B6C-BF0C-372DAC2617F7} = {BBA25FB7-634E-4E54-B158-4047A748B092}
		{58081885-D62C-4CC0-8CE7-077DB911AE31} = {BBA25FB7-634E-4E54-B158-4047A748B092}
		{1D653E2F-376D-461D-BB5B-329B458D6BDE} = {5222EC18-6B2D-426E-94BA-17E5047A56CA}
		{EAB637BC-CFA9-4917-B5F3-5C9622B158E9} = {6392D01A-C9A3-4186-A7D6-5DA0D50C78D4}
		{77D9E64A-BD91-4CCE-BA43-2AF61E667355} = {6392D01A-C9A3-4186-A7D6-5DA0D50C78D4}
		{C5ACFD71-9AD2-4392-854D-AC333B1EF494} = {6392D01A-C9A3-4186-A7D6-5DA0D50C78D4}
		{9C466A48-7B08-420D-961F-DA72B1684336} = {6392D01A-C9A3-4186-A7D6-5DA0D50C78D4}
		{EBA22F5B-DD21-44D7-859C-E7534965F390} = {BBA25FB7-634E-4E54-B158-4047A748B092}
		{820CA604-AF18-43B3-80DF-2BD943A01CF4} = {4B161DEE-3259-44E8-A12A-DB9095C1D0ED}
		{042750E4-4887-459D-8805-6125C52FD13E} = {C911C57A-7E35-42F7-A16B-2ED86067DFC0}
		{A6A3BB17-6520-4BF3-AC36-63E7B770E764} = {042750E4-4887-459D-8805-6125C52FD13E}
		{8BB977D3-BAE4-4A91-B1CB-23C38C8BAB13} = {A6A3BB17-6520-4BF3-AC36-63E7B770E764}
		{6BB7FBD9-9665-4BD3-80B6-EA10D508825E} = {042750E4-4887-459D-8805-6125C52FD13E}
		{AAA2BA8C-07BC-4512-BB5F-567ADC6ED82F} = {BBA25FB7-634E-4E54-B158-4047A748B092}
		{C619816D-6491-495C-A6F9-78130FA24C6C} = {794661F7-C83D-4D4B-8005-8112515345ED}
		{484E46BD-DEBC-4B64-BD07-4875D92690AC} = {794661F7-C83D-4D4B-8005-8112515345ED}
		{D052212B-87A2-405A-8F12-763542AE5E21} = {794661F7-C83D-4D4B-8005-8112515345ED}
		{9EB5BB36-E4C5-4BC5-A0EF-E4A3173442EE} = {6392D01A-C9A3-4186-A7D6-5DA0D50C78D4}
		{813D62BD-EC53-42C2-BBA5-8152DE4C5046} = {6392D01A-C9A3-4186-A7D6-5DA0D50C78D4}
		{C8750B6E-7CBA-449A-9E8F-C9A03F5A51A0} = {BBA25FB7-634E-4E54-B158-4047A748B092}
		{5AAE8AF7-90F0-4A58-8504-5DC7C55C7949} = {BBA25FB7-634E-4E54-B158-4047A748B092}
		{DEBA17C2-0CA8-47A9-95FE-50B29365BD59} = {BBA25FB7-634E-4E54-B158-4047A748B092}
	EndGlobalSection
EndGlobal
