
Microsoft Visual Studio Solution File, Format Version 12.00
# Visual Studio 14
VisualStudioVersion = 14.0.25420.1
MinimumVisualStudioVersion = 10.0.40219.1
Project("{FAE04EC0-301F-11D3-BF4B-00C04F79EFBC}") = "Atlas.Online.Web", "Atlas.Online.Web.csproj", "{EC864F61-6301-4F6B-AD50-DBF4EA167A65}"
EndProject
Project("{FAE04EC0-301F-11D3-BF4B-00C04F79EFBC}") = "Atlas.Online.Data", "..\..\Libraries\Web\Atlas.Online.Data\Atlas.Online.Data.csproj", "{549E38DC-8D90-4CED-BF3F-48A53766823C}"
EndProject
Project("{2150E333-8FDC-42A3-9474-1A3956D46DE8}") = ".nuget", ".nuget", "{75723581-81A7-4804-8324-7926F5F4B517}"
	ProjectSection(SolutionItems) = preProject
		.nuget\NuGet.Config = .nuget\NuGet.Config
		.nuget\NuGet.exe = .nuget\NuGet.exe
		.nuget\NuGet.targets = .nuget\NuGet.targets
	EndProjectSection
EndProject
Project("{2150E333-8FDC-42A3-9474-1A3956D46DE8}") = "WebService", "WebService", "{1C9F366F-21CF-4EEA-A8EE-8F7B97660637}"
EndProject
Project("{FAE04EC0-301F-11D3-BF4B-00C04F79EFBC}") = "Atlas.Online.Web.Service", "..\..\Services\Web\Atlas.Online.Web.Service\Atlas.Online.Web.Service.csproj", "{176C88CF-FC9A-45EF-BAC0-92943D3EC76A}"
EndProject
Global
	GlobalSection(SolutionConfigurationPlatforms) = preSolution
		Debug|Any CPU = Debug|Any CPU
		Release|Any CPU = Release|Any CPU
	EndGlobalSection
	GlobalSection(ProjectConfigurationPlatforms) = postSolution
		{EC864F61-6301-4F6B-AD50-DBF4EA167A65}.Debug|Any CPU.ActiveCfg = Debug|Any CPU
		{EC864F61-6301-4F6B-AD50-DBF4EA167A65}.Debug|Any CPU.Build.0 = Debug|Any CPU
		{EC864F61-6301-4F6B-AD50-DBF4EA167A65}.Release|Any CPU.ActiveCfg = Release|Any CPU
		{EC864F61-6301-4F6B-AD50-DBF4EA167A65}.Release|Any CPU.Build.0 = Release|Any CPU
		{549E38DC-8D90-4CED-BF3F-48A53766823C}.Debug|Any CPU.ActiveCfg = Debug|Any CPU
		{549E38DC-8D90-4CED-BF3F-48A53766823C}.Debug|Any CPU.Build.0 = Debug|Any CPU
		{549E38DC-8D90-4CED-BF3F-48A53766823C}.Release|Any CPU.ActiveCfg = Release|Any CPU
		{549E38DC-8D90-4CED-BF3F-48A53766823C}.Release|Any CPU.Build.0 = Release|Any CPU
		{176C88CF-FC9A-45EF-BAC0-92943D3EC76A}.Debug|Any CPU.ActiveCfg = Debug|Any CPU
		{176C88CF-FC9A-45EF-BAC0-92943D3EC76A}.Debug|Any CPU.Build.0 = Debug|Any CPU
		{176C88CF-FC9A-45EF-BAC0-92943D3EC76A}.Release|Any CPU.ActiveCfg = Release|Any CPU
		{176C88CF-FC9A-45EF-BAC0-92943D3EC76A}.Release|Any CPU.Build.0 = Release|Any CPU
	EndGlobalSection
	GlobalSection(SolutionProperties) = preSolution
		HideSolutionNode = FALSE
	EndGlobalSection
	GlobalSection(NestedProjects) = preSolution
		{176C88CF-FC9A-45EF-BAC0-92943D3EC76A} = {1C9F366F-21CF-4EEA-A8EE-8F7B97660637}
	EndGlobalSection
EndGlobal
