
Microsoft Visual Studio Solution File, Format Version 12.00
# Visual Studio 2012
Project("{FAE04EC0-301F-11D3-BF4B-00C04F79EFBC}") = "Atlas.Business", "Atlas.Business.csproj", "{3D3147FC-F4F9-4939-9CC8-0A57BD0EE7FE}"
EndProject
Project("{FAE04EC0-301F-11D3-BF4B-00C04F79EFBC}") = "Atlas.Enumerators", "..\Atlas.Enumerators\Atlas.Enumerators.csproj", "{07FC6272-5FA2-45A7-A99C-062EC5B0C205}"
EndProject
Project("{FAE04EC0-301F-11D3-BF4B-00C04F79EFBC}") = "Atlas.Common", "..\Atlas.Common\Atlas.Common.csproj", "{6AECFAD7-A17C-4FB0-9AB6-BFCE0F3C5391}"
EndProject
Project("{FAE04EC0-301F-11D3-BF4B-00C04F79EFBC}") = "Atlas.Domain", "..\Atlas.Data\Atlas.Domain.csproj", "{42909E2D-45B8-44CC-9B2D-BE40CE0D148F}"
EndProject
Project("{FAE04EC0-301F-11D3-BF4B-00C04F79EFBC}") = "Atlas.ThirdParty", "..\Atlas.ThirdParty\Atlas.ThirdParty.csproj", "{C42B3611-727E-4149-A9F8-ECAAEEAE6889}"
EndProject
Global
	GlobalSection(SolutionConfigurationPlatforms) = preSolution
		Debug|Any CPU = Debug|Any CPU
		Release|Any CPU = Release|Any CPU
	EndGlobalSection
	GlobalSection(ProjectConfigurationPlatforms) = postSolution
		{3D3147FC-F4F9-4939-9CC8-0A57BD0EE7FE}.Debug|Any CPU.ActiveCfg = Debug|Any CPU
		{3D3147FC-F4F9-4939-9CC8-0A57BD0EE7FE}.Debug|Any CPU.Build.0 = Debug|Any CPU
		{3D3147FC-F4F9-4939-9CC8-0A57BD0EE7FE}.Release|Any CPU.ActiveCfg = Release|Any CPU
		{3D3147FC-F4F9-4939-9CC8-0A57BD0EE7FE}.Release|Any CPU.Build.0 = Release|Any CPU
		{07FC6272-5FA2-45A7-A99C-062EC5B0C205}.Debug|Any CPU.ActiveCfg = Debug|Any CPU
		{07FC6272-5FA2-45A7-A99C-062EC5B0C205}.Debug|Any CPU.Build.0 = Debug|Any CPU
		{07FC6272-5FA2-45A7-A99C-062EC5B0C205}.Release|Any CPU.ActiveCfg = Release|Any CPU
		{07FC6272-5FA2-45A7-A99C-062EC5B0C205}.Release|Any CPU.Build.0 = Release|Any CPU
		{6AECFAD7-A17C-4FB0-9AB6-BFCE0F3C5391}.Debug|Any CPU.ActiveCfg = Debug|Any CPU
		{6AECFAD7-A17C-4FB0-9AB6-BFCE0F3C5391}.Debug|Any CPU.Build.0 = Debug|Any CPU
		{6AECFAD7-A17C-4FB0-9AB6-BFCE0F3C5391}.Release|Any CPU.ActiveCfg = Release|Any CPU
		{6AECFAD7-A17C-4FB0-9AB6-BFCE0F3C5391}.Release|Any CPU.Build.0 = Release|Any CPU
		{42909E2D-45B8-44CC-9B2D-BE40CE0D148F}.Debug|Any CPU.ActiveCfg = Debug|Any CPU
		{42909E2D-45B8-44CC-9B2D-BE40CE0D148F}.Debug|Any CPU.Build.0 = Debug|Any CPU
		{42909E2D-45B8-44CC-9B2D-BE40CE0D148F}.Release|Any CPU.ActiveCfg = Release|Any CPU
		{42909E2D-45B8-44CC-9B2D-BE40CE0D148F}.Release|Any CPU.Build.0 = Release|Any CPU
		{C42B3611-727E-4149-A9F8-ECAAEEAE6889}.Debug|Any CPU.ActiveCfg = Debug|Any CPU
		{C42B3611-727E-4149-A9F8-ECAAEEAE6889}.Debug|Any CPU.Build.0 = Debug|Any CPU
		{C42B3611-727E-4149-A9F8-ECAAEEAE6889}.Release|Any CPU.ActiveCfg = Release|Any CPU
		{C42B3611-727E-4149-A9F8-ECAAEEAE6889}.Release|Any CPU.Build.0 = Release|Any CPU
	EndGlobalSection
	GlobalSection(SolutionProperties) = preSolution
		HideSolutionNode = FALSE
	EndGlobalSection
EndGlobal
