
Microsoft Visual Studio Solution File, Format Version 12.00
# Visual Studio 14
VisualStudioVersion = 14.0.25420.1
MinimumVisualStudioVersion = 10.0.40219.1
Project("{FAE04EC0-301F-11D3-BF4B-00C04F79EFBC}") = "NotificationServerENQ", "NotificationServerENQ.csproj", "{68ED0DDF-D1F5-48C4-A331-28EB8FCDAB78}"
EndProject
Project("{FAE04EC0-301F-11D3-BF4B-00C04F79EFBC}") = "Atlas.NotificationENQ.Dto", "..\Atlas.NotificationENQ.Messages\Atlas.NotificationENQ.Dto.csproj", "{7EB1423C-FD1E-4917-A8D4-E67D619529EA}"
EndProject
Project("{FAE04EC0-301F-11D3-BF4B-00C04F79EFBC}") = "Atlas.Servers.Common", "..\..\..\Libraries\Atlas.Servers.Common\Atlas.Servers.Common.csproj", "{EBDFCE74-C37A-418B-AAED-353F122A0420}"
EndProject
Project("{FAE04EC0-301F-11D3-BF4B-00C04F79EFBC}") = "Atlas.Common.Interface", "..\..\..\Libraries\Atlas.Common.Interface\Atlas.Common.Interface.csproj", "{1846E86A-33C9-4802-A135-A3E2F419118F}"
EndProject
Project("{FAE04EC0-301F-11D3-BF4B-00C04F79EFBC}") = "Atlas.Notification.Domain", "..\Atlas.Notification.Domain\Atlas.Notification.Domain.csproj", "{C97F2006-7CA5-4CF8-B932-E5E974797D51}"
EndProject
Global
	GlobalSection(SolutionConfigurationPlatforms) = preSolution
		Debug|Any CPU = Debug|Any CPU
		Release|Any CPU = Release|Any CPU
	EndGlobalSection
	GlobalSection(ProjectConfigurationPlatforms) = postSolution
		{68ED0DDF-D1F5-48C4-A331-28EB8FCDAB78}.Debug|Any CPU.ActiveCfg = Debug|Any CPU
		{68ED0DDF-D1F5-48C4-A331-28EB8FCDAB78}.Debug|Any CPU.Build.0 = Debug|Any CPU
		{68ED0DDF-D1F5-48C4-A331-28EB8FCDAB78}.Release|Any CPU.ActiveCfg = Release|Any CPU
		{68ED0DDF-D1F5-48C4-A331-28EB8FCDAB78}.Release|Any CPU.Build.0 = Release|Any CPU
		{7EB1423C-FD1E-4917-A8D4-E67D619529EA}.Debug|Any CPU.ActiveCfg = Debug|Any CPU
		{7EB1423C-FD1E-4917-A8D4-E67D619529EA}.Debug|Any CPU.Build.0 = Debug|Any CPU
		{7EB1423C-FD1E-4917-A8D4-E67D619529EA}.Release|Any CPU.ActiveCfg = Release|Any CPU
		{7EB1423C-FD1E-4917-A8D4-E67D619529EA}.Release|Any CPU.Build.0 = Release|Any CPU
		{EBDFCE74-C37A-418B-AAED-353F122A0420}.Debug|Any CPU.ActiveCfg = Debug|Any CPU
		{EBDFCE74-C37A-418B-AAED-353F122A0420}.Debug|Any CPU.Build.0 = Debug|Any CPU
		{EBDFCE74-C37A-418B-AAED-353F122A0420}.Release|Any CPU.ActiveCfg = Release|Any CPU
		{EBDFCE74-C37A-418B-AAED-353F122A0420}.Release|Any CPU.Build.0 = Release|Any CPU
		{1846E86A-33C9-4802-A135-A3E2F419118F}.Debug|Any CPU.ActiveCfg = Debug|Any CPU
		{1846E86A-33C9-4802-A135-A3E2F419118F}.Debug|Any CPU.Build.0 = Debug|Any CPU
		{1846E86A-33C9-4802-A135-A3E2F419118F}.Release|Any CPU.ActiveCfg = Release|Any CPU
		{1846E86A-33C9-4802-A135-A3E2F419118F}.Release|Any CPU.Build.0 = Release|Any CPU
		{C97F2006-7CA5-4CF8-B932-E5E974797D51}.Debug|Any CPU.ActiveCfg = Debug|Any CPU
		{C97F2006-7CA5-4CF8-B932-E5E974797D51}.Debug|Any CPU.Build.0 = Debug|Any CPU
		{C97F2006-7CA5-4CF8-B932-E5E974797D51}.Release|Any CPU.ActiveCfg = Release|Any CPU
		{C97F2006-7CA5-4CF8-B932-E5E974797D51}.Release|Any CPU.Build.0 = Release|Any CPU
	EndGlobalSection
	GlobalSection(SolutionProperties) = preSolution
		HideSolutionNode = FALSE
	EndGlobalSection
EndGlobal
