
Microsoft Visual Studio Solution File, Format Version 12.00
# Visual Studio 14
VisualStudioVersion = 14.0.24720.0
MinimumVisualStudioVersion = 10.0.40219.1
Project("{FAE04EC0-301F-11D3-BF4B-00C04F79EFBC}") = "Atlas.Data.DBF", "Atlas.Data.DBF.csproj", "{580D9F35-3BF4-4D57-AF73-C38C6C0D7E18}"
EndProject
Global
	GlobalSection(SolutionConfigurationPlatforms) = preSolution
		Debug|Any CPU = Debug|Any CPU
		Release|Any CPU = Release|Any CPU
	EndGlobalSection
	GlobalSection(ProjectConfigurationPlatforms) = postSolution
		{580D9F35-3BF4-4D57-AF73-C38C6C0D7E18}.Debug|Any CPU.ActiveCfg = Debug|Any CPU
		{580D9F35-3BF4-4D57-AF73-C38C6C0D7E18}.Debug|Any CPU.Build.0 = Debug|Any CPU
		{580D9F35-3BF4-4D57-AF73-C38C6C0D7E18}.Release|Any CPU.ActiveCfg = Release|Any CPU
		{580D9F35-3BF4-4D57-AF73-C38C6C0D7E18}.Release|Any CPU.Build.0 = Release|Any CPU
	EndGlobalSection
	GlobalSection(SolutionProperties) = preSolution
		HideSolutionNode = FALSE
	EndGlobalSection
EndGlobal
