
Microsoft Visual Studio Solution File, Format Version 12.00
# Visual Studio 15
VisualStudioVersion = 15.0.27004.2010
MinimumVisualStudioVersion = 10.0.40219.1
Project("{FAE04EC0-301F-11D3-BF4B-00C04F79EFBC}") = "Atlas.Online.Data", "..\Libraries\Web\Atlas.Online.Data\Atlas.Online.Data.csproj", "{549E38DC-8D90-4CED-BF3F-48A53766823C}"
EndProject
Project("{2150E333-8FDC-42A3-9474-1A3956D46DE8}") = "Core Components", "Core Components", "{EE78D823-0544-4E78-88A1-10EA7FFBDAB2}"
EndProject
Project("{FAE04EC0-301F-11D3-BF4B-00C04F79EFBC}") = "Atlas.Common", "..\Libraries\Atlas.Common\Atlas.Common.csproj", "{6AECFAD7-A17C-4FB0-9AB6-BFCE0F3C5391}"
EndProject
Project("{FAE04EC0-301F-11D3-BF4B-00C04F79EFBC}") = "Atlas.Domain", "..\Libraries\Atlas.Data\Atlas.Domain.csproj", "{42909E2D-45B8-44CC-9B2D-BE40CE0D148F}"
EndProject
Project("{2150E333-8FDC-42A3-9474-1A3956D46DE8}") = "Nodes", "Nodes", "{9DC145E5-DA14-412E-BBF6-7C217090365E}"
EndProject
Project("{FAE04EC0-301F-11D3-BF4B-00C04F79EFBC}") = "Atlas.Online.Node.ClientNode", "..\Services\Web\Nodes\Atlas.Online.Node.ClientCreation\Atlas.Online.Node.ClientNode.csproj", "{6540B187-503A-4E36-9574-ABED52D1646C}"
EndProject
Project("{FAE04EC0-301F-11D3-BF4B-00C04F79EFBC}") = "Atlas.Online.Node.FraudPreventionNode", "..\Services\Web\Nodes\Atlas.Online.Nodes.FraudPrevention\Atlas.Online.Node.FraudPreventionNode.csproj", "{14D81506-8841-4BC9-B6CF-E557BDF028B6}"
EndProject
Project("{FAE04EC0-301F-11D3-BF4B-00C04F79EFBC}") = "Atlas.Online.Node.CreditNode", "..\Services\Web\Nodes\Atlas.Online.Node.CreditCheck\Atlas.Online.Node.CreditNode.csproj", "{87BF5530-DFEC-4A79-99AD-EBCBE3570DFC}"
EndProject
Project("{FAE04EC0-301F-11D3-BF4B-00C04F79EFBC}") = "Atlas.Online.Node.AccountVerificationNode", "..\Services\Web\Nodes\Atlas.Online.Node.AccountVerification\Atlas.Online.Node.AccountVerificationNode.csproj", "{3D589717-56C0-4FD2-B98F-A81EA0D66F8C}"
EndProject
Project("{FAE04EC0-301F-11D3-BF4B-00C04F79EFBC}") = "Atlas.Online.Node.AffordabilityNode", "..\Services\Web\Nodes\Atlas.Online.Node.AffordabilityNode\Atlas.Online.Node.AffordabilityNode.csproj", "{3CA705BF-95D4-4540-816B-971A0E5140D0}"
EndProject
Project("{2150E333-8FDC-42A3-9474-1A3956D46DE8}") = "RabbitMQ Messages", "RabbitMQ Messages", "{2A1DC933-C041-4F65-BDD5-50358A89A1B5}"
EndProject
Project("{FAE04EC0-301F-11D3-BF4B-00C04F79EFBC}") = "Atlas.Online.Node.Core", "..\Libraries\Web\Atlas.Online.Node.Core\Atlas.Online.Node.Core.csproj", "{8641D368-56CA-4446-B2BC-36F4F7973B2C}"
EndProject
Project("{FAE04EC0-301F-11D3-BF4B-00C04F79EFBC}") = "Atlas.Enumerators", "..\Libraries\Atlas.Enumerators\Atlas.Enumerators.csproj", "{07FC6272-5FA2-45A7-A99C-062EC5B0C205}"
EndProject
Project("{FAE04EC0-301F-11D3-BF4B-00C04F79EFBC}") = "Atlas.ThirdParty", "..\Libraries\Atlas.ThirdParty\Atlas.ThirdParty.csproj", "{C42B3611-727E-4149-A9F8-ECAAEEAE6889}"
EndProject
Project("{FAE04EC0-301F-11D3-BF4B-00C04F79EFBC}") = "Atlas.LoanEngine", "..\Libraries\Atlas.LoanEngine\Atlas.LoanEngine.csproj", "{AAA2BA8C-07BC-4512-BB5F-567ADC6ED82F}"
EndProject
Project("{FAE04EC0-301F-11D3-BF4B-00C04F79EFBC}") = "Atlas.Online.Node.AccountCreation", "..\Services\Web\Nodes\Atlas.Online.Node.AccountCreation\Atlas.Online.Node.AccountCreation.csproj", "{135EEA34-EAD3-468D-B6E2-0A5C7296ADD8}"
EndProject
Project("{FAE04EC0-301F-11D3-BF4B-00C04F79EFBC}") = "Atlas.RabbitMQ.Messages", "..\Libraries\Atlas.RabbitMQ.Messages\Atlas.RabbitMQ.Messages.csproj", "{C4B44803-02CC-4B6C-BF0C-372DAC2617F7}"
EndProject
Project("{FAE04EC0-301F-11D3-BF4B-00C04F79EFBC}") = "AccountService", "..\Services\AccountService\AccountService\AccountService.csproj", "{80C69C7A-8EF4-4F52-BE00-22C0E7415890}"
EndProject
Project("{FAE04EC0-301F-11D3-BF4B-00C04F79EFBC}") = "Atlas.Notification.Server", "..\Services\Atlas.Notification.Server\Atlas.Notification.Server.csproj", "{265FA253-6899-425B-9D14-0855EBBF161B}"
EndProject
Project("{FAE04EC0-301F-11D3-BF4B-00C04F79EFBC}") = "Atlas.Online.Orchestration", "..\Services\Web\OrchestrationServer\Atlas.Online.Orchestration.csproj", "{5E2FD64E-648A-4AF5-AADB-DF42EAE6E7D0}"
EndProject
Project("{FAE04EC0-301F-11D3-BF4B-00C04F79EFBC}") = "Atlas.Online.Web.Common", "..\Libraries\Web\Atlas.Online.Web.Common\Atlas.Online.Web.Common.csproj", "{86009074-067C-425A-A14D-8CB05D5C2183}"
EndProject
Project("{FAE04EC0-301F-11D3-BF4B-00C04F79EFBC}") = "Atlas.Online.Web.Service", "..\Services\Web\Atlas.Online.Web.Service\Atlas.Online.Web.Service.csproj", "{176C88CF-FC9A-45EF-BAC0-92943D3EC76A}"
EndProject
Project("{FAE04EC0-301F-11D3-BF4B-00C04F79EFBC}") = "Atlas.Workflow", "..\Libraries\Atlas.Workflow\Atlas.Workflow.csproj", "{24554623-3F03-4766-B0FE-0A1FC01359A3}"
EndProject
Project("{FAE04EC0-301F-11D3-BF4B-00C04F79EFBC}") = "Atlas.Workflow.ProcessDataExt", "..\Libraries\Atlas.Workflow.ProcessDataExt\Atlas.Workflow.ProcessDataExt.csproj", "{3E9CBA63-EEE7-49E7-8345-FD1D9B2AC2C4}"
EndProject
Project("{FAE04EC0-301F-11D3-BF4B-00C04F79EFBC}") = "Atlas.Online.Web", "Atlas.Online.Web\Atlas.Online.Web.csproj", "{EC864F61-6301-4F6B-AD50-DBF4EA167A65}"
EndProject
Project("{2150E333-8FDC-42A3-9474-1A3956D46DE8}") = "Services", "Services", "{A7A09AB3-C306-4347-B0BC-A9463DDC806B}"
EndProject
Project("{FAE04EC0-301F-11D3-BF4B-00C04F79EFBC}") = "Atlas.Business", "..\Libraries\Atlas.Business\Atlas.Business.csproj", "{3D3147FC-F4F9-4939-9CC8-0A57BD0EE7FE}"
EndProject
Project("{FAE04EC0-301F-11D3-BF4B-00C04F79EFBC}") = "PDFServer", "..\Services\PDFServer\PDFServer.csproj", "{12ACB9F4-F0C4-481A-891F-B3CBFF8CC3EB}"
EndProject
Project("{FAE04EC0-301F-11D3-BF4B-00C04F79EFBC}") = "Atlas.Domain.DTO", "..\Libraries\Atlas.Domain.DTO\Atlas.Domain.DTO.csproj", "{5AAE8AF7-90F0-4A58-8504-5DC7C55C7949}"
EndProject
Project("{FAE04EC0-301F-11D3-BF4B-00C04F79EFBC}") = "BankVerification.EasyNetQ", "..\Services\AvsEngineLight\EasyNetQ\BankVerification.EasyNetQ.csproj", "{C15A2DD4-F9E7-4E95-A3AC-AAD051FD54DF}"
EndProject
Project("{FAE04EC0-301F-11D3-BF4B-00C04F79EFBC}") = "Atlas.Bureau.Service", "..\Services\BureauServer\Atlas.Bureau.Service.csproj", "{1FB56D1E-D825-477B-A55E-825471D8DA9B}"
EndProject
Project("{FAE04EC0-301F-11D3-BF4B-00C04F79EFBC}") = "Atlas.ThirdParty.Fraud", "..\Libraries\Atlas.ThirdParty\Atlas.ThirdParty.Fraud\Atlas.ThirdParty.Fraud.csproj", "{C3097C19-9E61-4924-8C10-558D2B2DB21C}"
EndProject
Project("{FAE04EC0-301F-11D3-BF4B-00C04F79EFBC}") = "Atlas.ThirdParty.CompuScan", "..\Libraries\Atlas.ThirdParty\Atlas.ThirdParty.CompuScan\Atlas.ThirdParty.CompuScan\Atlas.ThirdParty.CompuScan.csproj", "{EBA22F5B-DD21-44D7-859C-E7534965F390}"
EndProject
Global
	GlobalSection(SolutionConfigurationPlatforms) = preSolution
		Debug|Any CPU = Debug|Any CPU
		Release|Any CPU = Release|Any CPU
	EndGlobalSection
	GlobalSection(ProjectConfigurationPlatforms) = postSolution
		{549E38DC-8D90-4CED-BF3F-48A53766823C}.Debug|Any CPU.ActiveCfg = Debug|Any CPU
		{549E38DC-8D90-4CED-BF3F-48A53766823C}.Debug|Any CPU.Build.0 = Debug|Any CPU
		{549E38DC-8D90-4CED-BF3F-48A53766823C}.Release|Any CPU.ActiveCfg = Release|Any CPU
		{549E38DC-8D90-4CED-BF3F-48A53766823C}.Release|Any CPU.Build.0 = Release|Any CPU
		{6AECFAD7-A17C-4FB0-9AB6-BFCE0F3C5391}.Debug|Any CPU.ActiveCfg = Debug|Any CPU
		{6AECFAD7-A17C-4FB0-9AB6-BFCE0F3C5391}.Debug|Any CPU.Build.0 = Debug|Any CPU
		{6AECFAD7-A17C-4FB0-9AB6-BFCE0F3C5391}.Release|Any CPU.ActiveCfg = Release|Any CPU
		{6AECFAD7-A17C-4FB0-9AB6-BFCE0F3C5391}.Release|Any CPU.Build.0 = Release|Any CPU
		{42909E2D-45B8-44CC-9B2D-BE40CE0D148F}.Debug|Any CPU.ActiveCfg = Debug|Any CPU
		{42909E2D-45B8-44CC-9B2D-BE40CE0D148F}.Debug|Any CPU.Build.0 = Debug|Any CPU
		{42909E2D-45B8-44CC-9B2D-BE40CE0D148F}.Release|Any CPU.ActiveCfg = Release|Any CPU
		{42909E2D-45B8-44CC-9B2D-BE40CE0D148F}.Release|Any CPU.Build.0 = Release|Any CPU
		{6540B187-503A-4E36-9574-ABED52D1646C}.Debug|Any CPU.ActiveCfg = Debug|Any CPU
		{6540B187-503A-4E36-9574-ABED52D1646C}.Debug|Any CPU.Build.0 = Debug|Any CPU
		{6540B187-503A-4E36-9574-ABED52D1646C}.Release|Any CPU.ActiveCfg = Release|Any CPU
		{6540B187-503A-4E36-9574-ABED52D1646C}.Release|Any CPU.Build.0 = Release|Any CPU
		{14D81506-8841-4BC9-B6CF-E557BDF028B6}.Debug|Any CPU.ActiveCfg = Debug|Any CPU
		{14D81506-8841-4BC9-B6CF-E557BDF028B6}.Debug|Any CPU.Build.0 = Debug|Any CPU
		{14D81506-8841-4BC9-B6CF-E557BDF028B6}.Release|Any CPU.ActiveCfg = Release|Any CPU
		{14D81506-8841-4BC9-B6CF-E557BDF028B6}.Release|Any CPU.Build.0 = Release|Any CPU
		{87BF5530-DFEC-4A79-99AD-EBCBE3570DFC}.Debug|Any CPU.ActiveCfg = Debug|Any CPU
		{87BF5530-DFEC-4A79-99AD-EBCBE3570DFC}.Debug|Any CPU.Build.0 = Debug|Any CPU
		{87BF5530-DFEC-4A79-99AD-EBCBE3570DFC}.Release|Any CPU.ActiveCfg = Release|Any CPU
		{87BF5530-DFEC-4A79-99AD-EBCBE3570DFC}.Release|Any CPU.Build.0 = Release|Any CPU
		{3D589717-56C0-4FD2-B98F-A81EA0D66F8C}.Debug|Any CPU.ActiveCfg = Debug|Any CPU
		{3D589717-56C0-4FD2-B98F-A81EA0D66F8C}.Debug|Any CPU.Build.0 = Debug|Any CPU
		{3D589717-56C0-4FD2-B98F-A81EA0D66F8C}.Release|Any CPU.ActiveCfg = Release|Any CPU
		{3D589717-56C0-4FD2-B98F-A81EA0D66F8C}.Release|Any CPU.Build.0 = Release|Any CPU
		{3CA705BF-95D4-4540-816B-971A0E5140D0}.Debug|Any CPU.ActiveCfg = Debug|Any CPU
		{3CA705BF-95D4-4540-816B-971A0E5140D0}.Debug|Any CPU.Build.0 = Debug|Any CPU
		{3CA705BF-95D4-4540-816B-971A0E5140D0}.Release|Any CPU.ActiveCfg = Release|Any CPU
		{3CA705BF-95D4-4540-816B-971A0E5140D0}.Release|Any CPU.Build.0 = Release|Any CPU
		{8641D368-56CA-4446-B2BC-36F4F7973B2C}.Debug|Any CPU.ActiveCfg = Debug|Any CPU
		{8641D368-56CA-4446-B2BC-36F4F7973B2C}.Debug|Any CPU.Build.0 = Debug|Any CPU
		{8641D368-56CA-4446-B2BC-36F4F7973B2C}.Release|Any CPU.ActiveCfg = Release|Any CPU
		{8641D368-56CA-4446-B2BC-36F4F7973B2C}.Release|Any CPU.Build.0 = Release|Any CPU
		{07FC6272-5FA2-45A7-A99C-062EC5B0C205}.Debug|Any CPU.ActiveCfg = Debug|Any CPU
		{07FC6272-5FA2-45A7-A99C-062EC5B0C205}.Debug|Any CPU.Build.0 = Debug|Any CPU
		{07FC6272-5FA2-45A7-A99C-062EC5B0C205}.Release|Any CPU.ActiveCfg = Release|Any CPU
		{07FC6272-5FA2-45A7-A99C-062EC5B0C205}.Release|Any CPU.Build.0 = Release|Any CPU
		{C42B3611-727E-4149-A9F8-ECAAEEAE6889}.Debug|Any CPU.ActiveCfg = Debug|Any CPU
		{C42B3611-727E-4149-A9F8-ECAAEEAE6889}.Debug|Any CPU.Build.0 = Debug|Any CPU
		{C42B3611-727E-4149-A9F8-ECAAEEAE6889}.Release|Any CPU.ActiveCfg = Release|Any CPU
		{C42B3611-727E-4149-A9F8-ECAAEEAE6889}.Release|Any CPU.Build.0 = Release|Any CPU
		{AAA2BA8C-07BC-4512-BB5F-567ADC6ED82F}.Debug|Any CPU.ActiveCfg = Debug|Any CPU
		{AAA2BA8C-07BC-4512-BB5F-567ADC6ED82F}.Debug|Any CPU.Build.0 = Debug|Any CPU
		{AAA2BA8C-07BC-4512-BB5F-567ADC6ED82F}.Release|Any CPU.ActiveCfg = Release|Any CPU
		{AAA2BA8C-07BC-4512-BB5F-567ADC6ED82F}.Release|Any CPU.Build.0 = Release|Any CPU
		{135EEA34-EAD3-468D-B6E2-0A5C7296ADD8}.Debug|Any CPU.ActiveCfg = Debug|Any CPU
		{135EEA34-EAD3-468D-B6E2-0A5C7296ADD8}.Debug|Any CPU.Build.0 = Debug|Any CPU
		{135EEA34-EAD3-468D-B6E2-0A5C7296ADD8}.Release|Any CPU.ActiveCfg = Release|Any CPU
		{135EEA34-EAD3-468D-B6E2-0A5C7296ADD8}.Release|Any CPU.Build.0 = Release|Any CPU
		{C4B44803-02CC-4B6C-BF0C-372DAC2617F7}.Debug|Any CPU.ActiveCfg = Debug|Any CPU
		{C4B44803-02CC-4B6C-BF0C-372DAC2617F7}.Debug|Any CPU.Build.0 = Debug|Any CPU
		{C4B44803-02CC-4B6C-BF0C-372DAC2617F7}.Release|Any CPU.ActiveCfg = Release|Any CPU
		{C4B44803-02CC-4B6C-BF0C-372DAC2617F7}.Release|Any CPU.Build.0 = Release|Any CPU
		{80C69C7A-8EF4-4F52-BE00-22C0E7415890}.Debug|Any CPU.ActiveCfg = Debug|Any CPU
		{80C69C7A-8EF4-4F52-BE00-22C0E7415890}.Debug|Any CPU.Build.0 = Debug|Any CPU
		{80C69C7A-8EF4-4F52-BE00-22C0E7415890}.Release|Any CPU.ActiveCfg = Release|Any CPU
		{80C69C7A-8EF4-4F52-BE00-22C0E7415890}.Release|Any CPU.Build.0 = Release|Any CPU
		{265FA253-6899-425B-9D14-0855EBBF161B}.Debug|Any CPU.ActiveCfg = Debug|Any CPU
		{265FA253-6899-425B-9D14-0855EBBF161B}.Debug|Any CPU.Build.0 = Debug|Any CPU
		{265FA253-6899-425B-9D14-0855EBBF161B}.Release|Any CPU.ActiveCfg = Release|Any CPU
		{265FA253-6899-425B-9D14-0855EBBF161B}.Release|Any CPU.Build.0 = Release|Any CPU
		{5E2FD64E-648A-4AF5-AADB-DF42EAE6E7D0}.Debug|Any CPU.ActiveCfg = Debug|Any CPU
		{5E2FD64E-648A-4AF5-AADB-DF42EAE6E7D0}.Debug|Any CPU.Build.0 = Debug|Any CPU
		{5E2FD64E-648A-4AF5-AADB-DF42EAE6E7D0}.Release|Any CPU.ActiveCfg = Release|Any CPU
		{5E2FD64E-648A-4AF5-AADB-DF42EAE6E7D0}.Release|Any CPU.Build.0 = Release|Any CPU
		{86009074-067C-425A-A14D-8CB05D5C2183}.Debug|Any CPU.ActiveCfg = Debug|Any CPU
		{86009074-067C-425A-A14D-8CB05D5C2183}.Debug|Any CPU.Build.0 = Debug|Any CPU
		{86009074-067C-425A-A14D-8CB05D5C2183}.Release|Any CPU.ActiveCfg = Release|Any CPU
		{86009074-067C-425A-A14D-8CB05D5C2183}.Release|Any CPU.Build.0 = Release|Any CPU
		{176C88CF-FC9A-45EF-BAC0-92943D3EC76A}.Debug|Any CPU.ActiveCfg = Debug|Any CPU
		{176C88CF-FC9A-45EF-BAC0-92943D3EC76A}.Debug|Any CPU.Build.0 = Debug|Any CPU
		{176C88CF-FC9A-45EF-BAC0-92943D3EC76A}.Release|Any CPU.ActiveCfg = Release|Any CPU
		{176C88CF-FC9A-45EF-BAC0-92943D3EC76A}.Release|Any CPU.Build.0 = Release|Any CPU
		{24554623-3F03-4766-B0FE-0A1FC01359A3}.Debug|Any CPU.ActiveCfg = Debug|Any CPU
		{24554623-3F03-4766-B0FE-0A1FC01359A3}.Debug|Any CPU.Build.0 = Debug|Any CPU
		{24554623-3F03-4766-B0FE-0A1FC01359A3}.Release|Any CPU.ActiveCfg = Release|Any CPU
		{24554623-3F03-4766-B0FE-0A1FC01359A3}.Release|Any CPU.Build.0 = Release|Any CPU
		{3E9CBA63-EEE7-49E7-8345-FD1D9B2AC2C4}.Debug|Any CPU.ActiveCfg = Debug|Any CPU
		{3E9CBA63-EEE7-49E7-8345-FD1D9B2AC2C4}.Debug|Any CPU.Build.0 = Debug|Any CPU
		{3E9CBA63-EEE7-49E7-8345-FD1D9B2AC2C4}.Release|Any CPU.ActiveCfg = Release|Any CPU
		{3E9CBA63-EEE7-49E7-8345-FD1D9B2AC2C4}.Release|Any CPU.Build.0 = Release|Any CPU
		{EC864F61-6301-4F6B-AD50-DBF4EA167A65}.Debug|Any CPU.ActiveCfg = Debug|Any CPU
		{EC864F61-6301-4F6B-AD50-DBF4EA167A65}.Debug|Any CPU.Build.0 = Debug|Any CPU
		{EC864F61-6301-4F6B-AD50-DBF4EA167A65}.Release|Any CPU.ActiveCfg = Release|Any CPU
		{EC864F61-6301-4F6B-AD50-DBF4EA167A65}.Release|Any CPU.Build.0 = Release|Any CPU
		{3D3147FC-F4F9-4939-9CC8-0A57BD0EE7FE}.Debug|Any CPU.ActiveCfg = Debug|Any CPU
		{3D3147FC-F4F9-4939-9CC8-0A57BD0EE7FE}.Debug|Any CPU.Build.0 = Debug|Any CPU
		{3D3147FC-F4F9-4939-9CC8-0A57BD0EE7FE}.Release|Any CPU.ActiveCfg = Release|Any CPU
		{3D3147FC-F4F9-4939-9CC8-0A57BD0EE7FE}.Release|Any CPU.Build.0 = Release|Any CPU
		{12ACB9F4-F0C4-481A-891F-B3CBFF8CC3EB}.Debug|Any CPU.ActiveCfg = Debug|Any CPU
		{12ACB9F4-F0C4-481A-891F-B3CBFF8CC3EB}.Debug|Any CPU.Build.0 = Debug|Any CPU
		{12ACB9F4-F0C4-481A-891F-B3CBFF8CC3EB}.Release|Any CPU.ActiveCfg = Release|Any CPU
		{12ACB9F4-F0C4-481A-891F-B3CBFF8CC3EB}.Release|Any CPU.Build.0 = Release|Any CPU
		{5AAE8AF7-90F0-4A58-8504-5DC7C55C7949}.Debug|Any CPU.ActiveCfg = Debug|Any CPU
		{5AAE8AF7-90F0-4A58-8504-5DC7C55C7949}.Debug|Any CPU.Build.0 = Debug|Any CPU
		{5AAE8AF7-90F0-4A58-8504-5DC7C55C7949}.Release|Any CPU.ActiveCfg = Release|Any CPU
		{5AAE8AF7-90F0-4A58-8504-5DC7C55C7949}.Release|Any CPU.Build.0 = Release|Any CPU
		{C15A2DD4-F9E7-4E95-A3AC-AAD051FD54DF}.Debug|Any CPU.ActiveCfg = Debug|Any CPU
		{C15A2DD4-F9E7-4E95-A3AC-AAD051FD54DF}.Debug|Any CPU.Build.0 = Debug|Any CPU
		{C15A2DD4-F9E7-4E95-A3AC-AAD051FD54DF}.Release|Any CPU.ActiveCfg = Release|Any CPU
		{C15A2DD4-F9E7-4E95-A3AC-AAD051FD54DF}.Release|Any CPU.Build.0 = Release|Any CPU
		{1FB56D1E-D825-477B-A55E-825471D8DA9B}.Debug|Any CPU.ActiveCfg = Debug|Any CPU
		{1FB56D1E-D825-477B-A55E-825471D8DA9B}.Debug|Any CPU.Build.0 = Debug|Any CPU
		{1FB56D1E-D825-477B-A55E-825471D8DA9B}.Release|Any CPU.ActiveCfg = Release|Any CPU
		{1FB56D1E-D825-477B-A55E-825471D8DA9B}.Release|Any CPU.Build.0 = Release|Any CPU
		{C3097C19-9E61-4924-8C10-558D2B2DB21C}.Debug|Any CPU.ActiveCfg = Debug|Any CPU
		{C3097C19-9E61-4924-8C10-558D2B2DB21C}.Debug|Any CPU.Build.0 = Debug|Any CPU
		{C3097C19-9E61-4924-8C10-558D2B2DB21C}.Release|Any CPU.ActiveCfg = Release|Any CPU
		{C3097C19-9E61-4924-8C10-558D2B2DB21C}.Release|Any CPU.Build.0 = Release|Any CPU
		{EBA22F5B-DD21-44D7-859C-E7534965F390}.Debug|Any CPU.ActiveCfg = Debug|Any CPU
		{EBA22F5B-DD21-44D7-859C-E7534965F390}.Debug|Any CPU.Build.0 = Debug|Any CPU
		{EBA22F5B-DD21-44D7-859C-E7534965F390}.Release|Any CPU.ActiveCfg = Release|Any CPU
		{EBA22F5B-DD21-44D7-859C-E7534965F390}.Release|Any CPU.Build.0 = Release|Any CPU
	EndGlobalSection
	GlobalSection(SolutionProperties) = preSolution
		HideSolutionNode = FALSE
	EndGlobalSection
	GlobalSection(NestedProjects) = preSolution
		{549E38DC-8D90-4CED-BF3F-48A53766823C} = {EE78D823-0544-4E78-88A1-10EA7FFBDAB2}
		{6AECFAD7-A17C-4FB0-9AB6-BFCE0F3C5391} = {EE78D823-0544-4E78-88A1-10EA7FFBDAB2}
		{42909E2D-45B8-44CC-9B2D-BE40CE0D148F} = {EE78D823-0544-4E78-88A1-10EA7FFBDAB2}
		{6540B187-503A-4E36-9574-ABED52D1646C} = {9DC145E5-DA14-412E-BBF6-7C217090365E}
		{14D81506-8841-4BC9-B6CF-E557BDF028B6} = {9DC145E5-DA14-412E-BBF6-7C217090365E}
		{87BF5530-DFEC-4A79-99AD-EBCBE3570DFC} = {9DC145E5-DA14-412E-BBF6-7C217090365E}
		{3D589717-56C0-4FD2-B98F-A81EA0D66F8C} = {9DC145E5-DA14-412E-BBF6-7C217090365E}
		{3CA705BF-95D4-4540-816B-971A0E5140D0} = {9DC145E5-DA14-412E-BBF6-7C217090365E}
		{8641D368-56CA-4446-B2BC-36F4F7973B2C} = {EE78D823-0544-4E78-88A1-10EA7FFBDAB2}
		{07FC6272-5FA2-45A7-A99C-062EC5B0C205} = {EE78D823-0544-4E78-88A1-10EA7FFBDAB2}
		{C42B3611-727E-4149-A9F8-ECAAEEAE6889} = {EE78D823-0544-4E78-88A1-10EA7FFBDAB2}
		{AAA2BA8C-07BC-4512-BB5F-567ADC6ED82F} = {EE78D823-0544-4E78-88A1-10EA7FFBDAB2}
		{135EEA34-EAD3-468D-B6E2-0A5C7296ADD8} = {9DC145E5-DA14-412E-BBF6-7C217090365E}
		{C4B44803-02CC-4B6C-BF0C-372DAC2617F7} = {2A1DC933-C041-4F65-BDD5-50358A89A1B5}
		{80C69C7A-8EF4-4F52-BE00-22C0E7415890} = {A7A09AB3-C306-4347-B0BC-A9463DDC806B}
		{265FA253-6899-425B-9D14-0855EBBF161B} = {A7A09AB3-C306-4347-B0BC-A9463DDC806B}
		{5E2FD64E-648A-4AF5-AADB-DF42EAE6E7D0} = {A7A09AB3-C306-4347-B0BC-A9463DDC806B}
		{86009074-067C-425A-A14D-8CB05D5C2183} = {EE78D823-0544-4E78-88A1-10EA7FFBDAB2}
		{176C88CF-FC9A-45EF-BAC0-92943D3EC76A} = {A7A09AB3-C306-4347-B0BC-A9463DDC806B}
		{24554623-3F03-4766-B0FE-0A1FC01359A3} = {EE78D823-0544-4E78-88A1-10EA7FFBDAB2}
		{3E9CBA63-EEE7-49E7-8345-FD1D9B2AC2C4} = {EE78D823-0544-4E78-88A1-10EA7FFBDAB2}
		{3D3147FC-F4F9-4939-9CC8-0A57BD0EE7FE} = {EE78D823-0544-4E78-88A1-10EA7FFBDAB2}
		{12ACB9F4-F0C4-481A-891F-B3CBFF8CC3EB} = {A7A09AB3-C306-4347-B0BC-A9463DDC806B}
		{5AAE8AF7-90F0-4A58-8504-5DC7C55C7949} = {EE78D823-0544-4E78-88A1-10EA7FFBDAB2}
		{C15A2DD4-F9E7-4E95-A3AC-AAD051FD54DF} = {2A1DC933-C041-4F65-BDD5-50358A89A1B5}
		{1FB56D1E-D825-477B-A55E-825471D8DA9B} = {A7A09AB3-C306-4347-B0BC-A9463DDC806B}
		{C3097C19-9E61-4924-8C10-558D2B2DB21C} = {EE78D823-0544-4E78-88A1-10EA7FFBDAB2}
		{EBA22F5B-DD21-44D7-859C-E7534965F390} = {EE78D823-0544-4E78-88A1-10EA7FFBDAB2}
	EndGlobalSection
	GlobalSection(ExtensibilityGlobals) = postSolution
		SolutionGuid = {5F16DF21-A1C3-48AB-B422-CD95C35B7BA2}
	EndGlobalSection
EndGlobal
