
Microsoft Visual Studio Solution File, Format Version 12.00
# Visual Studio 14
VisualStudioVersion = 14.0.25420.1
MinimumVisualStudioVersion = 10.0.40219.1
Project("{FAE04EC0-301F-11D3-BF4B-00C04F79EFBC}") = "PayoutEngineServer", "PayoutEngineServer\PayoutEngineServer.csproj", "{E9036771-7128-4573-8AB1-3A01133D862B}"
EndProject
Project("{FAE04EC0-301F-11D3-BF4B-00C04F79EFBC}") = "Atlas.Domain", "..\..\Libraries\Atlas.Data\Atlas.Domain.csproj", "{42909E2D-45B8-44CC-9B2D-BE40CE0D148F}"
EndProject
Project("{FAE04EC0-301F-11D3-BF4B-00C04F79EFBC}") = "Atlas.Enumerators", "..\..\Libraries\Atlas.Enumerators\Atlas.Enumerators.csproj", "{07FC6272-5FA2-45A7-A99C-062EC5B0C205}"
EndProject
Project("{FAE04EC0-301F-11D3-BF4B-00C04F79EFBC}") = "Atlas.Common", "..\..\Libraries\Atlas.Common\Atlas.Common.csproj", "{6AECFAD7-A17C-4FB0-9AB6-BFCE0F3C5391}"
EndProject
Project("{FAE04EC0-301F-11D3-BF4B-00C04F79EFBC}") = "Atlas.RabbitMQ.Messages", "..\..\Libraries\Atlas.RabbitMQ.Messages\Atlas.RabbitMQ.Messages.csproj", "{C4B44803-02CC-4B6C-BF0C-372DAC2617F7}"
EndProject
Project("{FAE04EC0-301F-11D3-BF4B-00C04F79EFBC}") = "Atlas.PayoutEngine.Business", "..\..\Libraries\Atlas.PayoutEngine.Business\Atlas.PayoutEngine.Business.csproj", "{FFB98E0B-0BC5-47C6-ACE7-5BB9191A03C2}"
EndProject
Project("{FAE04EC0-301F-11D3-BF4B-00C04F79EFBC}") = "Atlas.ThirdParty", "..\..\Libraries\Atlas.ThirdParty\Atlas.ThirdParty.csproj", "{C42B3611-727E-4149-A9F8-ECAAEEAE6889}"
EndProject
Project("{FAE04EC0-301F-11D3-BF4B-00C04F79EFBC}") = "Atlas.LoanEngine", "..\..\Libraries\Atlas.LoanEngine\Atlas.LoanEngine.csproj", "{AAA2BA8C-07BC-4512-BB5F-567ADC6ED82F}"
EndProject
Project("{FAE04EC0-301F-11D3-BF4B-00C04F79EFBC}") = "Atlas.Workflow", "..\..\Libraries\Atlas.Workflow\Atlas.Workflow.csproj", "{24554623-3F03-4766-B0FE-0A1FC01359A3}"
EndProject
Project("{FAE04EC0-301F-11D3-BF4B-00C04F79EFBC}") = "Atlas.Business", "..\..\Libraries\Atlas.Business\Atlas.Business.csproj", "{3D3147FC-F4F9-4939-9CC8-0A57BD0EE7FE}"
EndProject
Project("{FAE04EC0-301F-11D3-BF4B-00C04F79EFBC}") = "Atlas.Workflow.ProcessDataExt", "..\..\Libraries\Atlas.Workflow.ProcessDataExt\Atlas.Workflow.ProcessDataExt.csproj", "{3E9CBA63-EEE7-49E7-8345-FD1D9B2AC2C4}"
EndProject
Project("{FAE04EC0-301F-11D3-BF4B-00C04F79EFBC}") = "Atlas.Domain.DTO", "..\..\Libraries\Atlas.Domain.DTO\Atlas.Domain.DTO.csproj", "{5AAE8AF7-90F0-4A58-8504-5DC7C55C7949}"
EndProject
Global
	GlobalSection(SolutionConfigurationPlatforms) = preSolution
		Debug|Any CPU = Debug|Any CPU
		Release|Any CPU = Release|Any CPU
	EndGlobalSection
	GlobalSection(ProjectConfigurationPlatforms) = postSolution
		{E9036771-7128-4573-8AB1-3A01133D862B}.Debug|Any CPU.ActiveCfg = Debug|Any CPU
		{E9036771-7128-4573-8AB1-3A01133D862B}.Debug|Any CPU.Build.0 = Debug|Any CPU
		{E9036771-7128-4573-8AB1-3A01133D862B}.Release|Any CPU.ActiveCfg = Release|Any CPU
		{E9036771-7128-4573-8AB1-3A01133D862B}.Release|Any CPU.Build.0 = Release|Any CPU
		{42909E2D-45B8-44CC-9B2D-BE40CE0D148F}.Debug|Any CPU.ActiveCfg = Debug|Any CPU
		{42909E2D-45B8-44CC-9B2D-BE40CE0D148F}.Debug|Any CPU.Build.0 = Debug|Any CPU
		{42909E2D-45B8-44CC-9B2D-BE40CE0D148F}.Release|Any CPU.ActiveCfg = Release|Any CPU
		{42909E2D-45B8-44CC-9B2D-BE40CE0D148F}.Release|Any CPU.Build.0 = Release|Any CPU
		{07FC6272-5FA2-45A7-A99C-062EC5B0C205}.Debug|Any CPU.ActiveCfg = Debug|Any CPU
		{07FC6272-5FA2-45A7-A99C-062EC5B0C205}.Debug|Any CPU.Build.0 = Debug|Any CPU
		{07FC6272-5FA2-45A7-A99C-062EC5B0C205}.Release|Any CPU.ActiveCfg = Release|Any CPU
		{07FC6272-5FA2-45A7-A99C-062EC5B0C205}.Release|Any CPU.Build.0 = Release|Any CPU
		{6AECFAD7-A17C-4FB0-9AB6-BFCE0F3C5391}.Debug|Any CPU.ActiveCfg = Debug|Any CPU
		{6AECFAD7-A17C-4FB0-9AB6-BFCE0F3C5391}.Debug|Any CPU.Build.0 = Debug|Any CPU
		{6AECFAD7-A17C-4FB0-9AB6-BFCE0F3C5391}.Release|Any CPU.ActiveCfg = Release|Any CPU
		{6AECFAD7-A17C-4FB0-9AB6-BFCE0F3C5391}.Release|Any CPU.Build.0 = Release|Any CPU
		{C4B44803-02CC-4B6C-BF0C-372DAC2617F7}.Debug|Any CPU.ActiveCfg = Debug|Any CPU
		{C4B44803-02CC-4B6C-BF0C-372DAC2617F7}.Debug|Any CPU.Build.0 = Debug|Any CPU
		{C4B44803-02CC-4B6C-BF0C-372DAC2617F7}.Release|Any CPU.ActiveCfg = Release|Any CPU
		{C4B44803-02CC-4B6C-BF0C-372DAC2617F7}.Release|Any CPU.Build.0 = Release|Any CPU
		{FFB98E0B-0BC5-47C6-ACE7-5BB9191A03C2}.Debug|Any CPU.ActiveCfg = Debug|Any CPU
		{FFB98E0B-0BC5-47C6-ACE7-5BB9191A03C2}.Debug|Any CPU.Build.0 = Debug|Any CPU
		{FFB98E0B-0BC5-47C6-ACE7-5BB9191A03C2}.Release|Any CPU.ActiveCfg = Release|Any CPU
		{FFB98E0B-0BC5-47C6-ACE7-5BB9191A03C2}.Release|Any CPU.Build.0 = Release|Any CPU
		{C42B3611-727E-4149-A9F8-ECAAEEAE6889}.Debug|Any CPU.ActiveCfg = Debug|Any CPU
		{C42B3611-727E-4149-A9F8-ECAAEEAE6889}.Debug|Any CPU.Build.0 = Debug|Any CPU
		{C42B3611-727E-4149-A9F8-ECAAEEAE6889}.Release|Any CPU.ActiveCfg = Release|Any CPU
		{C42B3611-727E-4149-A9F8-ECAAEEAE6889}.Release|Any CPU.Build.0 = Release|Any CPU
		{AAA2BA8C-07BC-4512-BB5F-567ADC6ED82F}.Debug|Any CPU.ActiveCfg = Debug|Any CPU
		{AAA2BA8C-07BC-4512-BB5F-567ADC6ED82F}.Debug|Any CPU.Build.0 = Debug|Any CPU
		{AAA2BA8C-07BC-4512-BB5F-567ADC6ED82F}.Release|Any CPU.ActiveCfg = Release|Any CPU
		{AAA2BA8C-07BC-4512-BB5F-567ADC6ED82F}.Release|Any CPU.Build.0 = Release|Any CPU
		{24554623-3F03-4766-B0FE-0A1FC01359A3}.Debug|Any CPU.ActiveCfg = Debug|Any CPU
		{24554623-3F03-4766-B0FE-0A1FC01359A3}.Debug|Any CPU.Build.0 = Debug|Any CPU
		{24554623-3F03-4766-B0FE-0A1FC01359A3}.Release|Any CPU.ActiveCfg = Release|Any CPU
		{24554623-3F03-4766-B0FE-0A1FC01359A3}.Release|Any CPU.Build.0 = Release|Any CPU
		{3D3147FC-F4F9-4939-9CC8-0A57BD0EE7FE}.Debug|Any CPU.ActiveCfg = Debug|Any CPU
		{3D3147FC-F4F9-4939-9CC8-0A57BD0EE7FE}.Debug|Any CPU.Build.0 = Debug|Any CPU
		{3D3147FC-F4F9-4939-9CC8-0A57BD0EE7FE}.Release|Any CPU.ActiveCfg = Release|Any CPU
		{3D3147FC-F4F9-4939-9CC8-0A57BD0EE7FE}.Release|Any CPU.Build.0 = Release|Any CPU
		{3E9CBA63-EEE7-49E7-8345-FD1D9B2AC2C4}.Debug|Any CPU.ActiveCfg = Debug|Any CPU
		{3E9CBA63-EEE7-49E7-8345-FD1D9B2AC2C4}.Debug|Any CPU.Build.0 = Debug|Any CPU
		{3E9CBA63-EEE7-49E7-8345-FD1D9B2AC2C4}.Release|Any CPU.ActiveCfg = Release|Any CPU
		{3E9CBA63-EEE7-49E7-8345-FD1D9B2AC2C4}.Release|Any CPU.Build.0 = Release|Any CPU
		{5AAE8AF7-90F0-4A58-8504-5DC7C55C7949}.Debug|Any CPU.ActiveCfg = Debug|Any CPU
		{5AAE8AF7-90F0-4A58-8504-5DC7C55C7949}.Debug|Any CPU.Build.0 = Debug|Any CPU
		{5AAE8AF7-90F0-4A58-8504-5DC7C55C7949}.Release|Any CPU.ActiveCfg = Release|Any CPU
		{5AAE8AF7-90F0-4A58-8504-5DC7C55C7949}.Release|Any CPU.Build.0 = Release|Any CPU
	EndGlobalSection
	GlobalSection(SolutionProperties) = preSolution
		HideSolutionNode = FALSE
	EndGlobalSection
EndGlobal
