
Microsoft Visual Studio Solution File, Format Version 12.00
# Visual Studio 15
VisualStudioVersion = 15.0.27004.2010
MinimumVisualStudioVersion = 10.0.40219.1
Project("{9A19103F-16F7-4668-BE54-9A1E7A4F7556}") = "AtlasOnlineCheckBypass", "AtlasOnlineCheckBypass\AtlasOnlineCheckBypass.csproj", "{E1157188-7C22-409A-8B32-818B6CA9088C}"
EndProject
Global
	GlobalSection(SolutionConfigurationPlatforms) = preSolution
		Debug|Any CPU = Debug|Any CPU
		Release|Any CPU = Release|Any CPU
	EndGlobalSection
	GlobalSection(ProjectConfigurationPlatforms) = postSolution
		{E1157188-7C22-409A-8B32-818B6CA9088C}.Debug|Any CPU.ActiveCfg = Debug|Any CPU
		{E1157188-7C22-409A-8B32-818B6CA9088C}.Debug|Any CPU.Build.0 = Debug|Any CPU
		{E1157188-7C22-409A-8B32-818B6CA9088C}.Release|Any CPU.ActiveCfg = Release|Any CPU
		{E1157188-7C22-409A-8B32-818B6CA9088C}.Release|Any CPU.Build.0 = Release|Any CPU
	EndGlobalSection
	GlobalSection(SolutionProperties) = preSolution
		HideSolutionNode = FALSE
	EndGlobalSection
	GlobalSection(ExtensibilityGlobals) = postSolution
		SolutionGuid = {2FFDD7DF-2001-481E-B288-B1D7AB537FD5}
	EndGlobalSection
EndGlobal
