
Microsoft Visual Studio Solution File, Format Version 12.00
# Visual Studio 2013
VisualStudioVersion = 12.0.40629.0
MinimumVisualStudioVersion = 10.0.40219.1
Project("{FAE04EC0-301F-11D3-BF4B-00C04F79EFBC}") = "Falcon.Gyrkin", "Falcon.Gyrkin\Falcon.Gyrkin.csproj", "{34005B39-D620-4F8A-9CFB-F92089048592}"
	ProjectSection(ProjectDependencies) = postProject
		{820CA604-AF18-43B3-80DF-2BD943A01CF4} = {820CA604-AF18-43B3-80DF-2BD943A01CF4}
		{C42B3611-727E-4149-A9F8-ECAAEEAE6889} = {C42B3611-727E-4149-A9F8-ECAAEEAE6889}
		{D052212B-87A2-405A-8F12-763542AE5E21} = {D052212B-87A2-405A-8F12-763542AE5E21}
		{9EB5BB36-E4C5-4BC5-A0EF-E4A3173442EE} = {9EB5BB36-E4C5-4BC5-A0EF-E4A3173442EE}
		{9C466A48-7B08-420D-961F-DA72B1684336} = {9C466A48-7B08-420D-961F-DA72B1684336}
		{77D9E64A-BD91-4CCE-BA43-2AF61E667355} = {77D9E64A-BD91-4CCE-BA43-2AF61E667355}
		{C5ACFD71-9AD2-4392-854D-AC333B1EF494} = {C5ACFD71-9AD2-4392-854D-AC333B1EF494}
		{EAB637BC-CFA9-4917-B5F3-5C9622B158E9} = {EAB637BC-CFA9-4917-B5F3-5C9622B158E9}
		{484E46BD-DEBC-4B64-BD07-4875D92690AC} = {484E46BD-DEBC-4B64-BD07-4875D92690AC}
		{8BB977D3-BAE4-4A91-B1CB-23C38C8BAB13} = {8BB977D3-BAE4-4A91-B1CB-23C38C8BAB13}
		{6BB7FBD9-9665-4BD3-80B6-EA10D508825E} = {6BB7FBD9-9665-4BD3-80B6-EA10D508825E}
		{3D3147FC-F4F9-4939-9CC8-0A57BD0EE7FE} = {3D3147FC-F4F9-4939-9CC8-0A57BD0EE7FE}
	EndProjectSection
EndProject
Project("{FAE04EC0-301F-11D3-BF4B-00C04F79EFBC}") = "Falcon.Gyrkin.ESB", "..\..\..\Libraries\Falcon\Falcon.Gyrkin.ESB\Falcon.Gyrkin.ESB.csproj", "{3B30DCD9-A59D-4BC8-AAAD-C84A7D407F7D}"
EndProject
Project("{2150E333-8FDC-42A3-9474-1A3956D46DE8}") = "Atlas.Core", "Atlas.Core", "{D90AC855-FFB8-40BC-B6D2-7F2DDC3724C3}"
EndProject
Project("{FAE04EC0-301F-11D3-BF4B-00C04F79EFBC}") = "Atlas.Common", "..\..\..\Libraries\Atlas.Common\Atlas.Common.csproj", "{6AECFAD7-A17C-4FB0-9AB6-BFCE0F3C5391}"
EndProject
Project("{FAE04EC0-301F-11D3-BF4B-00C04F79EFBC}") = "Atlas.Enumerators", "..\..\..\Libraries\Atlas.Enumerators\Atlas.Enumerators.csproj", "{07FC6272-5FA2-45A7-A99C-062EC5B0C205}"
EndProject
Project("{FAE04EC0-301F-11D3-BF4B-00C04F79EFBC}") = "Atlas.RabbitMQ.Messages", "..\..\..\Libraries\Atlas.RabbitMQ.Messages\Atlas.RabbitMQ.Messages.csproj", "{C4B44803-02CC-4B6C-BF0C-372DAC2617F7}"
EndProject
Project("{FAE04EC0-301F-11D3-BF4B-00C04F79EFBC}") = "Atlas.Domain", "..\..\..\Libraries\Atlas.Data\Atlas.Domain.csproj", "{42909E2D-45B8-44CC-9B2D-BE40CE0D148F}"
EndProject
Project("{2150E333-8FDC-42A3-9474-1A3956D46DE8}") = "Falcon.Common", "Falcon.Common", "{5A205AD8-DD1E-466F-AE50-8807A5D1D5A1}"
EndProject
Project("{FAE04EC0-301F-11D3-BF4B-00C04F79EFBC}") = "Falcon.Common.Interfaces", "..\..\..\Libraries\Falcon\Common\Falcon.Interfaces\Falcon.Common.Interfaces.csproj", "{130E010C-66A1-4128-8F61-03118BCE3B53}"
EndProject
Project("{FAE04EC0-301F-11D3-BF4B-00C04F79EFBC}") = "Falcon.Common.Repository", "..\..\..\Libraries\Falcon\Common\Falcon.Repository\Falcon.Common.Repository.csproj", "{469AF8D7-AC20-41BC-B05B-ECA16E08E781}"
EndProject
Project("{FAE04EC0-301F-11D3-BF4B-00C04F79EFBC}") = "Falcon.Common.Structures", "..\..\..\Libraries\Falcon\Common\Falcon.Structures\Falcon.Common.Structures.csproj", "{3D254B0A-F82D-449D-9779-31EB14475094}"
EndProject
Project("{FAE04EC0-301F-11D3-BF4B-00C04F79EFBC}") = "Falcon.Common.Services", "..\..\..\Libraries\Falcon\Common\Falcon.Services\Falcon.Common.Services.csproj", "{A3DCE020-71B0-47EC-A0F8-02D387DE7BA8}"
EndProject
Project("{FAE04EC0-301F-11D3-BF4B-00C04F79EFBC}") = "Falcon.Gyrkin.Library", "..\..\..\Libraries\Falcon\Falcon.Gyrkin.Library\Falcon.Gyrkin.Library.csproj", "{1D653E2F-376D-461D-BB5B-329B458D6BDE}"
EndProject
Project("{2150E333-8FDC-42A3-9474-1A3956D46DE8}") = "Falcon.Service", "Falcon.Service", "{8D7E6BA8-CC3E-4091-8219-D3B284096ECC}"
EndProject
Project("{FAE04EC0-301F-11D3-BF4B-00C04F79EFBC}") = "Falcon.Service", "..\..\Falcon.Service\Falcon.Service.csproj", "{176C88CF-FC9A-45EF-BAC0-92943D3EC76A}"
EndProject
Project("{FAE04EC0-301F-11D3-BF4B-00C04F79EFBC}") = "Atlas.Business", "..\..\..\Libraries\Atlas.Business\Atlas.Business.csproj", "{3D3147FC-F4F9-4939-9CC8-0A57BD0EE7FE}"
EndProject
Project("{FAE04EC0-301F-11D3-BF4B-00C04F79EFBC}") = "Atlas.ThirdParty.CompuScan", "..\..\..\Libraries\Atlas.ThirdParty\Atlas.ThirdParty.CompuScan\Atlas.ThirdParty.CompuScan\Atlas.ThirdParty.CompuScan.csproj", "{EBA22F5B-DD21-44D7-859C-E7534965F390}"
EndProject
Project("{FAE04EC0-301F-11D3-BF4B-00C04F79EFBC}") = "Atlas.LoanEngine", "..\..\..\Libraries\Atlas.LoanEngine\Atlas.LoanEngine.csproj", "{AAA2BA8C-07BC-4512-BB5F-567ADC6ED82F}"
EndProject
Project("{FAE04EC0-301F-11D3-BF4B-00C04F79EFBC}") = "Atlas.Reporting", "..\..\..\Libraries\Atlas.Reporting\Atlas.Reporting.csproj", "{58081885-D62C-4CC0-8CE7-077DB911AE31}"
EndProject
Project("{FAE04EC0-301F-11D3-BF4B-00C04F79EFBC}") = "Atlas.Workflow", "..\..\..\Libraries\Atlas.Workflow\Atlas.Workflow.csproj", "{24554623-3F03-4766-B0FE-0A1FC01359A3}"
EndProject
Project("{FAE04EC0-301F-11D3-BF4B-00C04F79EFBC}") = "Atlas.Workflow.ProcessDataExt", "..\..\..\Libraries\Atlas.Workflow.ProcessDataExt\Atlas.Workflow.ProcessDataExt.csproj", "{3E9CBA63-EEE7-49E7-8345-FD1D9B2AC2C4}"
EndProject
Project("{FAE04EC0-301F-11D3-BF4B-00C04F79EFBC}") = "Atlas.ThirdParty", "..\..\..\Libraries\Atlas.ThirdParty\Atlas.ThirdParty.csproj", "{C42B3611-727E-4149-A9F8-ECAAEEAE6889}"
EndProject
Project("{2150E333-8FDC-42A3-9474-1A3956D46DE8}") = "Exporters", "Exporters", "{0FFBE21E-3766-47D3-ADD7-2A62F417E12C}"
EndProject
Project("{2150E333-8FDC-42A3-9474-1A3956D46DE8}") = "CiReport", "CiReport", "{F632A54A-D32C-48DC-AFAE-0B12FA41BA44}"
EndProject
Project("{2150E333-8FDC-42A3-9474-1A3956D46DE8}") = "V1", "V1", "{C64472F0-BC4C-4AB6-B062-92A52781EFE4}"
EndProject
Project("{FAE04EC0-301F-11D3-BF4B-00C04F79EFBC}") = "Falcon.Exporter.CiReport.V1", "Falcon.Exporter.CiReport.V1\Falcon.Exporter.CiReport.V1.csproj", "{8BB977D3-BAE4-4A91-B1CB-23C38C8BAB13}"
EndProject
Project("{FAE04EC0-301F-11D3-BF4B-00C04F79EFBC}") = "Falcon.Exporter.CiReport.Infrastructure", "Falcon.Exporter.CiReport.Interfaces\Falcon.Exporter.CiReport.Infrastructure.csproj", "{6BB7FBD9-9665-4BD3-80B6-EA10D508825E}"
EndProject
Project("{2150E333-8FDC-42A3-9474-1A3956D46DE8}") = "Stream", "Stream", "{8D2CC9B1-E065-4782-876E-C1798F0B7718}"
EndProject
Project("{FAE04EC0-301F-11D3-BF4B-00C04F79EFBC}") = "Stream.Domain", "Stream.Domain\Stream.Domain.csproj", "{EAB637BC-CFA9-4917-B5F3-5C9622B158E9}"
EndProject
Project("{FAE04EC0-301F-11D3-BF4B-00C04F79EFBC}") = "Stream.Repository", "Stream.Repository\Stream.Repository.csproj", "{C5ACFD71-9AD2-4392-854D-AC333B1EF494}"
EndProject
Project("{FAE04EC0-301F-11D3-BF4B-00C04F79EFBC}") = "Stream.Framework", "Stream.Interfaces\Stream.Framework.csproj", "{77D9E64A-BD91-4CCE-BA43-2AF61E667355}"
EndProject
Project("{FAE04EC0-301F-11D3-BF4B-00C04F79EFBC}") = "Stream.Structures", "Stream.Structures\Stream.Structures.csproj", "{9C466A48-7B08-420D-961F-DA72B1684336}"
EndProject
Project("{2150E333-8FDC-42A3-9474-1A3956D46DE8}") = "TBR", "TBR", "{966A3A62-0C7C-4B1B-B01B-647C7F53B6E5}"
EndProject
Project("{FAE04EC0-301F-11D3-BF4B-00C04F79EFBC}") = "Falcon.TBR", "..\..\..\Libraries\Falcon.TBR\Falcon.TBR.csproj", "{820CA604-AF18-43B3-80DF-2BD943A01CF4}"
EndProject
Project("{2150E333-8FDC-42A3-9474-1A3956D46DE8}") = "ASS", "ASS", "{D9BD99E4-2786-4C0A-82CE-B910F2AFEC67}"
EndProject
Project("{FAE04EC0-301F-11D3-BF4B-00C04F79EFBC}") = "Atlas.Ass.Framework", "..\..\..\Libraries\Atlas.Ass\Atlas.Ass.Framework\Atlas.Ass.Framework.csproj", "{C619816D-6491-495C-A6F9-78130FA24C6C}"
EndProject
Project("{FAE04EC0-301F-11D3-BF4B-00C04F79EFBC}") = "Atlas.Ass.Repository", "..\..\..\Libraries\Atlas.Ass\Atlas.Ass.Repository\Atlas.Ass.Repository.csproj", "{484E46BD-DEBC-4B64-BD07-4875D92690AC}"
EndProject
Project("{FAE04EC0-301F-11D3-BF4B-00C04F79EFBC}") = "Atlas.Ass.Structures", "..\..\..\Libraries\Atlas.Ass\Atlas.Ass.Structures\Atlas.Ass.Structures.csproj", "{D052212B-87A2-405A-8F12-763542AE5E21}"
EndProject
Project("{FAE04EC0-301F-11D3-BF4B-00C04F79EFBC}") = "Stream.Service", "..\..\Falcon.DuckHawk\Source\Stream.Service\Stream.Service.csproj", "{9EB5BB36-E4C5-4BC5-A0EF-E4A3173442EE}"
EndProject
Project("{2150E333-8FDC-42A3-9474-1A3956D46DE8}") = "Stream Upgrade", "Stream Upgrade", "{5ED6BDA3-484E-45B8-95E3-A9BA2655627D}"
EndProject
Project("{FAE04EC0-301F-11D3-BF4B-00C04F79EFBC}") = "Stream.Upgrade", "Stream.Upgrade\Stream.Upgrade.csproj", "{2123CCF7-676B-4B57-8D1F-919F9EDA7C25}"
EndProject
Project("{FAE04EC0-301F-11D3-BF4B-00C04F79EFBC}") = "Atlas.Domain.Ass", "..\..\..\Libraries\Atlas.Domain.AssCiReport\Atlas.Domain.Ass.csproj", "{C8750B6E-7CBA-449A-9E8F-C9A03F5A51A0}"
EndProject
Project("{2150E333-8FDC-42A3-9474-1A3956D46DE8}") = ".nuget", ".nuget", "{F1212385-F04B-4464-BDEE-7765BBEC6576}"
	ProjectSection(SolutionItems) = preProject
		.nuget\NuGet.Config = .nuget\NuGet.Config
		.nuget\NuGet.exe = .nuget\NuGet.exe
		.nuget\NuGet.targets = .nuget\NuGet.targets
	EndProjectSection
EndProject
Project("{FAE04EC0-301F-11D3-BF4B-00C04F79EFBC}") = "Atlas.Domain.DTO", "..\..\..\Libraries\Atlas.Domain.DTO\Atlas.Domain.DTO.csproj", "{5AAE8AF7-90F0-4A58-8504-5DC7C55C7949}"
EndProject
Global
	GlobalSection(SolutionConfigurationPlatforms) = preSolution
		Debug|Any CPU = Debug|Any CPU
		Release|Any CPU = Release|Any CPU
	EndGlobalSection
	GlobalSection(ProjectConfigurationPlatforms) = postSolution
		{34005B39-D620-4F8A-9CFB-F92089048592}.Debug|Any CPU.ActiveCfg = Debug|Any CPU
		{34005B39-D620-4F8A-9CFB-F92089048592}.Debug|Any CPU.Build.0 = Debug|Any CPU
		{34005B39-D620-4F8A-9CFB-F92089048592}.Release|Any CPU.ActiveCfg = Release|Any CPU
		{34005B39-D620-4F8A-9CFB-F92089048592}.Release|Any CPU.Build.0 = Release|Any CPU
		{3B30DCD9-A59D-4BC8-AAAD-C84A7D407F7D}.Debug|Any CPU.ActiveCfg = Debug|Any CPU
		{3B30DCD9-A59D-4BC8-AAAD-C84A7D407F7D}.Debug|Any CPU.Build.0 = Debug|Any CPU
		{3B30DCD9-A59D-4BC8-AAAD-C84A7D407F7D}.Release|Any CPU.ActiveCfg = Release|Any CPU
		{3B30DCD9-A59D-4BC8-AAAD-C84A7D407F7D}.Release|Any CPU.Build.0 = Release|Any CPU
		{6AECFAD7-A17C-4FB0-9AB6-BFCE0F3C5391}.Debug|Any CPU.ActiveCfg = Debug|Any CPU
		{6AECFAD7-A17C-4FB0-9AB6-BFCE0F3C5391}.Debug|Any CPU.Build.0 = Debug|Any CPU
		{6AECFAD7-A17C-4FB0-9AB6-BFCE0F3C5391}.Release|Any CPU.ActiveCfg = Release|Any CPU
		{6AECFAD7-A17C-4FB0-9AB6-BFCE0F3C5391}.Release|Any CPU.Build.0 = Release|Any CPU
		{07FC6272-5FA2-45A7-A99C-062EC5B0C205}.Debug|Any CPU.ActiveCfg = Debug|Any CPU
		{07FC6272-5FA2-45A7-A99C-062EC5B0C205}.Debug|Any CPU.Build.0 = Debug|Any CPU
		{07FC6272-5FA2-45A7-A99C-062EC5B0C205}.Release|Any CPU.ActiveCfg = Release|Any CPU
		{07FC6272-5FA2-45A7-A99C-062EC5B0C205}.Release|Any CPU.Build.0 = Release|Any CPU
		{C4B44803-02CC-4B6C-BF0C-372DAC2617F7}.Debug|Any CPU.ActiveCfg = Debug|Any CPU
		{C4B44803-02CC-4B6C-BF0C-372DAC2617F7}.Debug|Any CPU.Build.0 = Debug|Any CPU
		{C4B44803-02CC-4B6C-BF0C-372DAC2617F7}.Release|Any CPU.ActiveCfg = Release|Any CPU
		{C4B44803-02CC-4B6C-BF0C-372DAC2617F7}.Release|Any CPU.Build.0 = Release|Any CPU
		{42909E2D-45B8-44CC-9B2D-BE40CE0D148F}.Debug|Any CPU.ActiveCfg = Debug|Any CPU
		{42909E2D-45B8-44CC-9B2D-BE40CE0D148F}.Debug|Any CPU.Build.0 = Debug|Any CPU
		{42909E2D-45B8-44CC-9B2D-BE40CE0D148F}.Release|Any CPU.ActiveCfg = Release|Any CPU
		{42909E2D-45B8-44CC-9B2D-BE40CE0D148F}.Release|Any CPU.Build.0 = Release|Any CPU
		{130E010C-66A1-4128-8F61-03118BCE3B53}.Debug|Any CPU.ActiveCfg = Debug|Any CPU
		{130E010C-66A1-4128-8F61-03118BCE3B53}.Debug|Any CPU.Build.0 = Debug|Any CPU
		{130E010C-66A1-4128-8F61-03118BCE3B53}.Release|Any CPU.ActiveCfg = Release|Any CPU
		{130E010C-66A1-4128-8F61-03118BCE3B53}.Release|Any CPU.Build.0 = Release|Any CPU
		{469AF8D7-AC20-41BC-B05B-ECA16E08E781}.Debug|Any CPU.ActiveCfg = Debug|Any CPU
		{469AF8D7-AC20-41BC-B05B-ECA16E08E781}.Debug|Any CPU.Build.0 = Debug|Any CPU
		{469AF8D7-AC20-41BC-B05B-ECA16E08E781}.Release|Any CPU.ActiveCfg = Release|Any CPU
		{469AF8D7-AC20-41BC-B05B-ECA16E08E781}.Release|Any CPU.Build.0 = Release|Any CPU
		{3D254B0A-F82D-449D-9779-31EB14475094}.Debug|Any CPU.ActiveCfg = Debug|Any CPU
		{3D254B0A-F82D-449D-9779-31EB14475094}.Debug|Any CPU.Build.0 = Debug|Any CPU
		{3D254B0A-F82D-449D-9779-31EB14475094}.Release|Any CPU.ActiveCfg = Release|Any CPU
		{3D254B0A-F82D-449D-9779-31EB14475094}.Release|Any CPU.Build.0 = Release|Any CPU
		{A3DCE020-71B0-47EC-A0F8-02D387DE7BA8}.Debug|Any CPU.ActiveCfg = Debug|Any CPU
		{A3DCE020-71B0-47EC-A0F8-02D387DE7BA8}.Debug|Any CPU.Build.0 = Debug|Any CPU
		{A3DCE020-71B0-47EC-A0F8-02D387DE7BA8}.Release|Any CPU.ActiveCfg = Release|Any CPU
		{A3DCE020-71B0-47EC-A0F8-02D387DE7BA8}.Release|Any CPU.Build.0 = Release|Any CPU
		{1D653E2F-376D-461D-BB5B-329B458D6BDE}.Debug|Any CPU.ActiveCfg = Debug|Any CPU
		{1D653E2F-376D-461D-BB5B-329B458D6BDE}.Debug|Any CPU.Build.0 = Debug|Any CPU
		{1D653E2F-376D-461D-BB5B-329B458D6BDE}.Release|Any CPU.ActiveCfg = Release|Any CPU
		{1D653E2F-376D-461D-BB5B-329B458D6BDE}.Release|Any CPU.Build.0 = Release|Any CPU
		{176C88CF-FC9A-45EF-BAC0-92943D3EC76A}.Debug|Any CPU.ActiveCfg = Debug|Any CPU
		{176C88CF-FC9A-45EF-BAC0-92943D3EC76A}.Debug|Any CPU.Build.0 = Debug|Any CPU
		{176C88CF-FC9A-45EF-BAC0-92943D3EC76A}.Release|Any CPU.ActiveCfg = Release|Any CPU
		{176C88CF-FC9A-45EF-BAC0-92943D3EC76A}.Release|Any CPU.Build.0 = Release|Any CPU
		{3D3147FC-F4F9-4939-9CC8-0A57BD0EE7FE}.Debug|Any CPU.ActiveCfg = Debug|Any CPU
		{3D3147FC-F4F9-4939-9CC8-0A57BD0EE7FE}.Debug|Any CPU.Build.0 = Debug|Any CPU
		{3D3147FC-F4F9-4939-9CC8-0A57BD0EE7FE}.Release|Any CPU.ActiveCfg = Release|Any CPU
		{3D3147FC-F4F9-4939-9CC8-0A57BD0EE7FE}.Release|Any CPU.Build.0 = Release|Any CPU
		{EBA22F5B-DD21-44D7-859C-E7534965F390}.Debug|Any CPU.ActiveCfg = Debug|Any CPU
		{EBA22F5B-DD21-44D7-859C-E7534965F390}.Debug|Any CPU.Build.0 = Debug|Any CPU
		{EBA22F5B-DD21-44D7-859C-E7534965F390}.Release|Any CPU.ActiveCfg = Release|Any CPU
		{EBA22F5B-DD21-44D7-859C-E7534965F390}.Release|Any CPU.Build.0 = Release|Any CPU
		{AAA2BA8C-07BC-4512-BB5F-567ADC6ED82F}.Debug|Any CPU.ActiveCfg = Debug|Any CPU
		{AAA2BA8C-07BC-4512-BB5F-567ADC6ED82F}.Debug|Any CPU.Build.0 = Debug|Any CPU
		{AAA2BA8C-07BC-4512-BB5F-567ADC6ED82F}.Release|Any CPU.ActiveCfg = Release|Any CPU
		{AAA2BA8C-07BC-4512-BB5F-567ADC6ED82F}.Release|Any CPU.Build.0 = Release|Any CPU
		{58081885-D62C-4CC0-8CE7-077DB911AE31}.Debug|Any CPU.ActiveCfg = Debug|Any CPU
		{58081885-D62C-4CC0-8CE7-077DB911AE31}.Debug|Any CPU.Build.0 = Debug|Any CPU
		{58081885-D62C-4CC0-8CE7-077DB911AE31}.Release|Any CPU.ActiveCfg = Release|Any CPU
		{58081885-D62C-4CC0-8CE7-077DB911AE31}.Release|Any CPU.Build.0 = Release|Any CPU
		{24554623-3F03-4766-B0FE-0A1FC01359A3}.Debug|Any CPU.ActiveCfg = Debug|Any CPU
		{24554623-3F03-4766-B0FE-0A1FC01359A3}.Debug|Any CPU.Build.0 = Debug|Any CPU
		{24554623-3F03-4766-B0FE-0A1FC01359A3}.Release|Any CPU.ActiveCfg = Release|Any CPU
		{24554623-3F03-4766-B0FE-0A1FC01359A3}.Release|Any CPU.Build.0 = Release|Any CPU
		{3E9CBA63-EEE7-49E7-8345-FD1D9B2AC2C4}.Debug|Any CPU.ActiveCfg = Debug|Any CPU
		{3E9CBA63-EEE7-49E7-8345-FD1D9B2AC2C4}.Debug|Any CPU.Build.0 = Debug|Any CPU
		{3E9CBA63-EEE7-49E7-8345-FD1D9B2AC2C4}.Release|Any CPU.ActiveCfg = Release|Any CPU
		{3E9CBA63-EEE7-49E7-8345-FD1D9B2AC2C4}.Release|Any CPU.Build.0 = Release|Any CPU
		{C42B3611-727E-4149-A9F8-ECAAEEAE6889}.Debug|Any CPU.ActiveCfg = Debug|Any CPU
		{C42B3611-727E-4149-A9F8-ECAAEEAE6889}.Debug|Any CPU.Build.0 = Debug|Any CPU
		{C42B3611-727E-4149-A9F8-ECAAEEAE6889}.Release|Any CPU.ActiveCfg = Release|Any CPU
		{C42B3611-727E-4149-A9F8-ECAAEEAE6889}.Release|Any CPU.Build.0 = Release|Any CPU
		{8BB977D3-BAE4-4A91-B1CB-23C38C8BAB13}.Debug|Any CPU.ActiveCfg = Debug|Any CPU
		{8BB977D3-BAE4-4A91-B1CB-23C38C8BAB13}.Debug|Any CPU.Build.0 = Debug|Any CPU
		{8BB977D3-BAE4-4A91-B1CB-23C38C8BAB13}.Release|Any CPU.ActiveCfg = Release|Any CPU
		{8BB977D3-BAE4-4A91-B1CB-23C38C8BAB13}.Release|Any CPU.Build.0 = Release|Any CPU
		{6BB7FBD9-9665-4BD3-80B6-EA10D508825E}.Debug|Any CPU.ActiveCfg = Debug|Any CPU
		{6BB7FBD9-9665-4BD3-80B6-EA10D508825E}.Debug|Any CPU.Build.0 = Debug|Any CPU
		{6BB7FBD9-9665-4BD3-80B6-EA10D508825E}.Release|Any CPU.ActiveCfg = Release|Any CPU
		{6BB7FBD9-9665-4BD3-80B6-EA10D508825E}.Release|Any CPU.Build.0 = Release|Any CPU
		{EAB637BC-CFA9-4917-B5F3-5C9622B158E9}.Debug|Any CPU.ActiveCfg = Debug|Any CPU
		{EAB637BC-CFA9-4917-B5F3-5C9622B158E9}.Debug|Any CPU.Build.0 = Debug|Any CPU
		{EAB637BC-CFA9-4917-B5F3-5C9622B158E9}.Release|Any CPU.ActiveCfg = Release|Any CPU
		{EAB637BC-CFA9-4917-B5F3-5C9622B158E9}.Release|Any CPU.Build.0 = Release|Any CPU
		{C5ACFD71-9AD2-4392-854D-AC333B1EF494}.Debug|Any CPU.ActiveCfg = Debug|Any CPU
		{C5ACFD71-9AD2-4392-854D-AC333B1EF494}.Debug|Any CPU.Build.0 = Debug|Any CPU
		{C5ACFD71-9AD2-4392-854D-AC333B1EF494}.Release|Any CPU.ActiveCfg = Release|Any CPU
		{C5ACFD71-9AD2-4392-854D-AC333B1EF494}.Release|Any CPU.Build.0 = Release|Any CPU
		{77D9E64A-BD91-4CCE-BA43-2AF61E667355}.Debug|Any CPU.ActiveCfg = Debug|Any CPU
		{77D9E64A-BD91-4CCE-BA43-2AF61E667355}.Debug|Any CPU.Build.0 = Debug|Any CPU
		{77D9E64A-BD91-4CCE-BA43-2AF61E667355}.Release|Any CPU.ActiveCfg = Release|Any CPU
		{77D9E64A-BD91-4CCE-BA43-2AF61E667355}.Release|Any CPU.Build.0 = Release|Any CPU
		{9C466A48-7B08-420D-961F-DA72B1684336}.Debug|Any CPU.ActiveCfg = Debug|Any CPU
		{9C466A48-7B08-420D-961F-DA72B1684336}.Debug|Any CPU.Build.0 = Debug|Any CPU
		{9C466A48-7B08-420D-961F-DA72B1684336}.Release|Any CPU.ActiveCfg = Release|Any CPU
		{9C466A48-7B08-420D-961F-DA72B1684336}.Release|Any CPU.Build.0 = Release|Any CPU
		{820CA604-AF18-43B3-80DF-2BD943A01CF4}.Debug|Any CPU.ActiveCfg = Debug|Any CPU
		{820CA604-AF18-43B3-80DF-2BD943A01CF4}.Debug|Any CPU.Build.0 = Debug|Any CPU
		{820CA604-AF18-43B3-80DF-2BD943A01CF4}.Release|Any CPU.ActiveCfg = Release|Any CPU
		{820CA604-AF18-43B3-80DF-2BD943A01CF4}.Release|Any CPU.Build.0 = Release|Any CPU
		{C619816D-6491-495C-A6F9-78130FA24C6C}.Debug|Any CPU.ActiveCfg = Debug|Any CPU
		{C619816D-6491-495C-A6F9-78130FA24C6C}.Debug|Any CPU.Build.0 = Debug|Any CPU
		{C619816D-6491-495C-A6F9-78130FA24C6C}.Release|Any CPU.ActiveCfg = Release|Any CPU
		{C619816D-6491-495C-A6F9-78130FA24C6C}.Release|Any CPU.Build.0 = Release|Any CPU
		{484E46BD-DEBC-4B64-BD07-4875D92690AC}.Debug|Any CPU.ActiveCfg = Debug|Any CPU
		{484E46BD-DEBC-4B64-BD07-4875D92690AC}.Debug|Any CPU.Build.0 = Debug|Any CPU
		{484E46BD-DEBC-4B64-BD07-4875D92690AC}.Release|Any CPU.ActiveCfg = Release|Any CPU
		{484E46BD-DEBC-4B64-BD07-4875D92690AC}.Release|Any CPU.Build.0 = Release|Any CPU
		{D052212B-87A2-405A-8F12-763542AE5E21}.Debug|Any CPU.ActiveCfg = Debug|Any CPU
		{D052212B-87A2-405A-8F12-763542AE5E21}.Debug|Any CPU.Build.0 = Debug|Any CPU
		{D052212B-87A2-405A-8F12-763542AE5E21}.Release|Any CPU.ActiveCfg = Release|Any CPU
		{D052212B-87A2-405A-8F12-763542AE5E21}.Release|Any CPU.Build.0 = Release|Any CPU
		{9EB5BB36-E4C5-4BC5-A0EF-E4A3173442EE}.Debug|Any CPU.ActiveCfg = Debug|Any CPU
		{9EB5BB36-E4C5-4BC5-A0EF-E4A3173442EE}.Debug|Any CPU.Build.0 = Debug|Any CPU
		{9EB5BB36-E4C5-4BC5-A0EF-E4A3173442EE}.Release|Any CPU.ActiveCfg = Release|Any CPU
		{9EB5BB36-E4C5-4BC5-A0EF-E4A3173442EE}.Release|Any CPU.Build.0 = Release|Any CPU
		{2123CCF7-676B-4B57-8D1F-919F9EDA7C25}.Debug|Any CPU.ActiveCfg = Debug|Any CPU
		{2123CCF7-676B-4B57-8D1F-919F9EDA7C25}.Debug|Any CPU.Build.0 = Debug|Any CPU
		{2123CCF7-676B-4B57-8D1F-919F9EDA7C25}.Release|Any CPU.ActiveCfg = Release|Any CPU
		{2123CCF7-676B-4B57-8D1F-919F9EDA7C25}.Release|Any CPU.Build.0 = Release|Any CPU
		{C8750B6E-7CBA-449A-9E8F-C9A03F5A51A0}.Debug|Any CPU.ActiveCfg = Debug|Any CPU
		{C8750B6E-7CBA-449A-9E8F-C9A03F5A51A0}.Debug|Any CPU.Build.0 = Debug|Any CPU
		{C8750B6E-7CBA-449A-9E8F-C9A03F5A51A0}.Release|Any CPU.ActiveCfg = Release|Any CPU
		{C8750B6E-7CBA-449A-9E8F-C9A03F5A51A0}.Release|Any CPU.Build.0 = Release|Any CPU
		{5AAE8AF7-90F0-4A58-8504-5DC7C55C7949}.Debug|Any CPU.ActiveCfg = Debug|Any CPU
		{5AAE8AF7-90F0-4A58-8504-5DC7C55C7949}.Debug|Any CPU.Build.0 = Debug|Any CPU
		{5AAE8AF7-90F0-4A58-8504-5DC7C55C7949}.Release|Any CPU.ActiveCfg = Release|Any CPU
		{5AAE8AF7-90F0-4A58-8504-5DC7C55C7949}.Release|Any CPU.Build.0 = Release|Any CPU
	EndGlobalSection
	GlobalSection(SolutionProperties) = preSolution
		HideSolutionNode = FALSE
	EndGlobalSection
	GlobalSection(NestedProjects) = preSolution
		{6AECFAD7-A17C-4FB0-9AB6-BFCE0F3C5391} = {D90AC855-FFB8-40BC-B6D2-7F2DDC3724C3}
		{07FC6272-5FA2-45A7-A99C-062EC5B0C205} = {D90AC855-FFB8-40BC-B6D2-7F2DDC3724C3}
		{C4B44803-02CC-4B6C-BF0C-372DAC2617F7} = {D90AC855-FFB8-40BC-B6D2-7F2DDC3724C3}
		{42909E2D-45B8-44CC-9B2D-BE40CE0D148F} = {D90AC855-FFB8-40BC-B6D2-7F2DDC3724C3}
		{130E010C-66A1-4128-8F61-03118BCE3B53} = {5A205AD8-DD1E-466F-AE50-8807A5D1D5A1}
		{469AF8D7-AC20-41BC-B05B-ECA16E08E781} = {5A205AD8-DD1E-466F-AE50-8807A5D1D5A1}
		{3D254B0A-F82D-449D-9779-31EB14475094} = {5A205AD8-DD1E-466F-AE50-8807A5D1D5A1}
		{A3DCE020-71B0-47EC-A0F8-02D387DE7BA8} = {5A205AD8-DD1E-466F-AE50-8807A5D1D5A1}
		{176C88CF-FC9A-45EF-BAC0-92943D3EC76A} = {8D7E6BA8-CC3E-4091-8219-D3B284096ECC}
		{3D3147FC-F4F9-4939-9CC8-0A57BD0EE7FE} = {D90AC855-FFB8-40BC-B6D2-7F2DDC3724C3}
		{EBA22F5B-DD21-44D7-859C-E7534965F390} = {D90AC855-FFB8-40BC-B6D2-7F2DDC3724C3}
		{AAA2BA8C-07BC-4512-BB5F-567ADC6ED82F} = {D90AC855-FFB8-40BC-B6D2-7F2DDC3724C3}
		{58081885-D62C-4CC0-8CE7-077DB911AE31} = {D90AC855-FFB8-40BC-B6D2-7F2DDC3724C3}
		{24554623-3F03-4766-B0FE-0A1FC01359A3} = {D90AC855-FFB8-40BC-B6D2-7F2DDC3724C3}
		{3E9CBA63-EEE7-49E7-8345-FD1D9B2AC2C4} = {D90AC855-FFB8-40BC-B6D2-7F2DDC3724C3}
		{C42B3611-727E-4149-A9F8-ECAAEEAE6889} = {D90AC855-FFB8-40BC-B6D2-7F2DDC3724C3}
		{F632A54A-D32C-48DC-AFAE-0B12FA41BA44} = {0FFBE21E-3766-47D3-ADD7-2A62F417E12C}
		{C64472F0-BC4C-4AB6-B062-92A52781EFE4} = {F632A54A-D32C-48DC-AFAE-0B12FA41BA44}
		{8BB977D3-BAE4-4A91-B1CB-23C38C8BAB13} = {C64472F0-BC4C-4AB6-B062-92A52781EFE4}
		{6BB7FBD9-9665-4BD3-80B6-EA10D508825E} = {F632A54A-D32C-48DC-AFAE-0B12FA41BA44}
		{EAB637BC-CFA9-4917-B5F3-5C9622B158E9} = {8D2CC9B1-E065-4782-876E-C1798F0B7718}
		{C5ACFD71-9AD2-4392-854D-AC333B1EF494} = {8D2CC9B1-E065-4782-876E-C1798F0B7718}
		{77D9E64A-BD91-4CCE-BA43-2AF61E667355} = {8D2CC9B1-E065-4782-876E-C1798F0B7718}
		{9C466A48-7B08-420D-961F-DA72B1684336} = {8D2CC9B1-E065-4782-876E-C1798F0B7718}
		{820CA604-AF18-43B3-80DF-2BD943A01CF4} = {966A3A62-0C7C-4B1B-B01B-647C7F53B6E5}
		{C619816D-6491-495C-A6F9-78130FA24C6C} = {D9BD99E4-2786-4C0A-82CE-B910F2AFEC67}
		{484E46BD-DEBC-4B64-BD07-4875D92690AC} = {D9BD99E4-2786-4C0A-82CE-B910F2AFEC67}
		{D052212B-87A2-405A-8F12-763542AE5E21} = {D9BD99E4-2786-4C0A-82CE-B910F2AFEC67}
		{9EB5BB36-E4C5-4BC5-A0EF-E4A3173442EE} = {8D2CC9B1-E065-4782-876E-C1798F0B7718}
		{2123CCF7-676B-4B57-8D1F-919F9EDA7C25} = {5ED6BDA3-484E-45B8-95E3-A9BA2655627D}
		{C8750B6E-7CBA-449A-9E8F-C9A03F5A51A0} = {D90AC855-FFB8-40BC-B6D2-7F2DDC3724C3}
		{5AAE8AF7-90F0-4A58-8504-5DC7C55C7949} = {D90AC855-FFB8-40BC-B6D2-7F2DDC3724C3}
	EndGlobalSection
EndGlobal
